// !$*UTF8*$!
{
	archiveVersion = 1;
	classes = {
	};
	objectVersion = 46;
	objects = {

/* Begin PBXBuildFile section */
		044E6ABE15EE096E005D3FDC /* QuartzCore.framework in Frameworks */ = {isa = PBXBuildFile; fileRef = 044E6ABD15EE096E005D3FDC /* QuartzCore.framework */; };
		044E6AC015EE096E005D3FDC /* OpenGLES.framework in Frameworks */ = {isa = PBXBuildFile; fileRef = 044E6ABF15EE096E005D3FDC /* OpenGLES.framework */; };
		044E6AC215EE096E005D3FDC /* OpenAL.framework in Frameworks */ = {isa = PBXBuildFile; fileRef = 044E6AC115EE096E005D3FDC /* OpenAL.framework */; };
		044E6AC415EE096E005D3FDC /* AudioToolbox.framework in Frameworks */ = {isa = PBXBuildFile; fileRef = 044E6AC315EE096E005D3FDC /* AudioToolbox.framework */; };
		044E6AC615EE096E005D3FDC /* AVFoundation.framework in Frameworks */ = {isa = PBXBuildFile; fileRef = 044E6AC515EE096E005D3FDC /* AVFoundation.framework */; };
		044E6AC815EE096E005D3FDC /* UIKit.framework in Frameworks */ = {isa = PBXBuildFile; fileRef = 044E6AC715EE096E005D3FDC /* UIKit.framework */; };
		044E6ACA15EE096E005D3FDC /* Foundation.framework in Frameworks */ = {isa = PBXBuildFile; fileRef = 044E6AC915EE096E005D3FDC /* Foundation.framework */; };
		044E6ACC15EE096E005D3FDC /* CoreGraphics.framework in Frameworks */ = {isa = PBXBuildFile; fileRef = 044E6ACB15EE096E005D3FDC /* CoreGraphics.framework */; };
		044E6AD015EE096E005D3FDC /* Default.png in Resources */ = {isa = PBXBuildFile; fileRef = 044E6ACF15EE096E005D3FDC /* Default.png */; };
		044E6AD215EE096E005D3FDC /* fps_images.png in Resources */ = {isa = PBXBuildFile; fileRef = 044E6AD115EE096E005D3FDC /* fps_images.png */; };
		044E6AD415EE096E005D3FDC /* Icon-72.png in Resources */ = {isa = PBXBuildFile; fileRef = 044E6AD315EE096E005D3FDC /* Icon-72.png */; };
		044E6AD615EE096E005D3FDC /* Icon-Small-50.png in Resources */ = {isa = PBXBuildFile; fileRef = 044E6AD515EE096E005D3FDC /* Icon-Small-50.png */; };
		044E6AD815EE096E005D3FDC /* Icon-Small.png in Resources */ = {isa = PBXBuildFile; fileRef = 044E6AD715EE096E005D3FDC /* Icon-Small.png */; };
		044E6ADA15EE096E005D3FDC /* Icon-Small@2x.png in Resources */ = {isa = PBXBuildFile; fileRef = 044E6AD915EE096E005D3FDC /* Icon-Small@2x.png */; };
		044E6ADC15EE096E005D3FDC /* Icon.png in Resources */ = {isa = PBXBuildFile; fileRef = 044E6ADB15EE096E005D3FDC /* Icon.png */; };
		044E6ADE15EE096E005D3FDC /* Icon@2x.png in Resources */ = {isa = PBXBuildFile; fileRef = 044E6ADD15EE096E005D3FDC /* Icon@2x.png */; };
		044E6AE115EE096E005D3FDC /* iTunesArtwork in Resources */ = {isa = PBXBuildFile; fileRef = 044E6AE015EE096E005D3FDC /* iTunesArtwork */; };
		044E6AE615EE096E005D3FDC /* CCAction.m in Sources */ = {isa = PBXBuildFile; fileRef = 044E6AE515EE096E005D3FDC /* CCAction.m */; };
		044E6AE915EE096E005D3FDC /* CCActionCamera.m in Sources */ = {isa = PBXBuildFile; fileRef = 044E6AE815EE096E005D3FDC /* CCActionCamera.m */; };
		044E6AEC15EE096E005D3FDC /* CCActionEase.m in Sources */ = {isa = PBXBuildFile; fileRef = 044E6AEB15EE096E005D3FDC /* CCActionEase.m */; };
		044E6AEF15EE096E005D3FDC /* CCActionGrid.m in Sources */ = {isa = PBXBuildFile; fileRef = 044E6AEE15EE096E005D3FDC /* CCActionGrid.m */; };
		044E6AF215EE096E005D3FDC /* CCActionGrid3D.m in Sources */ = {isa = PBXBuildFile; fileRef = 044E6AF115EE096E005D3FDC /* CCActionGrid3D.m */; };
		044E6AF515EE096E005D3FDC /* CCActionInstant.m in Sources */ = {isa = PBXBuildFile; fileRef = 044E6AF415EE096E005D3FDC /* CCActionInstant.m */; };
		044E6AF815EE096E005D3FDC /* CCActionInterval.m in Sources */ = {isa = PBXBuildFile; fileRef = 044E6AF715EE096E005D3FDC /* CCActionInterval.m */; };
		044E6AFB15EE096E005D3FDC /* CCActionManager.m in Sources */ = {isa = PBXBuildFile; fileRef = 044E6AFA15EE096E005D3FDC /* CCActionManager.m */; };
		044E6AFE15EE096E005D3FDC /* CCActionPageTurn3D.m in Sources */ = {isa = PBXBuildFile; fileRef = 044E6AFD15EE096E005D3FDC /* CCActionPageTurn3D.m */; };
		044E6B0115EE096E005D3FDC /* CCActionProgressTimer.m in Sources */ = {isa = PBXBuildFile; fileRef = 044E6B0015EE096E005D3FDC /* CCActionProgressTimer.m */; };
		044E6B0415EE096E005D3FDC /* CCActionTiledGrid.m in Sources */ = {isa = PBXBuildFile; fileRef = 044E6B0315EE096E005D3FDC /* CCActionTiledGrid.m */; };
		044E6B0715EE096E005D3FDC /* CCActionTween.m in Sources */ = {isa = PBXBuildFile; fileRef = 044E6B0615EE096E005D3FDC /* CCActionTween.m */; };
		044E6B0A15EE096E005D3FDC /* CCAnimation.m in Sources */ = {isa = PBXBuildFile; fileRef = 044E6B0915EE096E005D3FDC /* CCAnimation.m */; };
		044E6B0D15EE096E005D3FDC /* CCAnimationCache.m in Sources */ = {isa = PBXBuildFile; fileRef = 044E6B0C15EE096E005D3FDC /* CCAnimationCache.m */; };
		044E6B1015EE096E005D3FDC /* CCAtlasNode.m in Sources */ = {isa = PBXBuildFile; fileRef = 044E6B0F15EE096E005D3FDC /* CCAtlasNode.m */; };
		044E6B1315EE096E005D3FDC /* CCBlockSupport.m in Sources */ = {isa = PBXBuildFile; fileRef = 044E6B1215EE096E005D3FDC /* CCBlockSupport.m */; };
		044E6B1615EE096E005D3FDC /* CCCamera.m in Sources */ = {isa = PBXBuildFile; fileRef = 044E6B1515EE096E005D3FDC /* CCCamera.m */; };
		044E6B1A15EE096E005D3FDC /* CCConfiguration.m in Sources */ = {isa = PBXBuildFile; fileRef = 044E6B1915EE096E005D3FDC /* CCConfiguration.m */; };
		044E6B1D15EE096E005D3FDC /* CCDirector.m in Sources */ = {isa = PBXBuildFile; fileRef = 044E6B1C15EE096E005D3FDC /* CCDirector.m */; };
		044E6B2015EE096E005D3FDC /* CCDrawingPrimitives.m in Sources */ = {isa = PBXBuildFile; fileRef = 044E6B1F15EE096E005D3FDC /* CCDrawingPrimitives.m */; };
		044E6B2315EE096E005D3FDC /* CCGrabber.m in Sources */ = {isa = PBXBuildFile; fileRef = 044E6B2215EE096E005D3FDC /* CCGrabber.m */; };
		044E6B2615EE096E005D3FDC /* CCGrid.m in Sources */ = {isa = PBXBuildFile; fileRef = 044E6B2515EE096E005D3FDC /* CCGrid.m */; };
		044E6B2915EE096E005D3FDC /* CCLabelAtlas.m in Sources */ = {isa = PBXBuildFile; fileRef = 044E6B2815EE096E005D3FDC /* CCLabelAtlas.m */; };
		044E6B2C15EE096E005D3FDC /* CCLabelBMFont.m in Sources */ = {isa = PBXBuildFile; fileRef = 044E6B2B15EE096E005D3FDC /* CCLabelBMFont.m */; };
		044E6B2F15EE096E005D3FDC /* CCLabelTTF.m in Sources */ = {isa = PBXBuildFile; fileRef = 044E6B2E15EE096E005D3FDC /* CCLabelTTF.m */; };
		044E6B3215EE096E005D3FDC /* CCLayer.m in Sources */ = {isa = PBXBuildFile; fileRef = 044E6B3115EE096E005D3FDC /* CCLayer.m */; };
		044E6B3615EE096E005D3FDC /* CCMenu.m in Sources */ = {isa = PBXBuildFile; fileRef = 044E6B3515EE096E005D3FDC /* CCMenu.m */; };
		044E6B3915EE096E005D3FDC /* CCMenuItem.m in Sources */ = {isa = PBXBuildFile; fileRef = 044E6B3815EE096E005D3FDC /* CCMenuItem.m */; };
		044E6B3C15EE096E005D3FDC /* CCMotionStreak.m in Sources */ = {isa = PBXBuildFile; fileRef = 044E6B3B15EE096E005D3FDC /* CCMotionStreak.m */; };
		044E6B3F15EE096E005D3FDC /* CCNode.m in Sources */ = {isa = PBXBuildFile; fileRef = 044E6B3E15EE096E005D3FDC /* CCNode.m */; };
		044E6B4215EE096E005D3FDC /* CCParallaxNode.m in Sources */ = {isa = PBXBuildFile; fileRef = 044E6B4115EE096E005D3FDC /* CCParallaxNode.m */; };
		044E6B4515EE096F005D3FDC /* CCParticleBatchNode.m in Sources */ = {isa = PBXBuildFile; fileRef = 044E6B4415EE096E005D3FDC /* CCParticleBatchNode.m */; };
		044E6B4815EE096F005D3FDC /* CCParticleExamples.m in Sources */ = {isa = PBXBuildFile; fileRef = 044E6B4715EE096F005D3FDC /* CCParticleExamples.m */; };
		044E6B4B15EE096F005D3FDC /* CCParticleSystem.m in Sources */ = {isa = PBXBuildFile; fileRef = 044E6B4A15EE096F005D3FDC /* CCParticleSystem.m */; };
		044E6B4E15EE096F005D3FDC /* CCParticleSystemPoint.m in Sources */ = {isa = PBXBuildFile; fileRef = 044E6B4D15EE096F005D3FDC /* CCParticleSystemPoint.m */; };
		044E6B5115EE096F005D3FDC /* CCParticleSystemQuad.m in Sources */ = {isa = PBXBuildFile; fileRef = 044E6B5015EE096F005D3FDC /* CCParticleSystemQuad.m */; };
		044E6B5415EE096F005D3FDC /* CCProgressTimer.m in Sources */ = {isa = PBXBuildFile; fileRef = 044E6B5315EE096F005D3FDC /* CCProgressTimer.m */; };
		044E6B5815EE096F005D3FDC /* CCRenderTexture.m in Sources */ = {isa = PBXBuildFile; fileRef = 044E6B5715EE096F005D3FDC /* CCRenderTexture.m */; };
		044E6B5B15EE096F005D3FDC /* CCRibbon.m in Sources */ = {isa = PBXBuildFile; fileRef = 044E6B5A15EE096F005D3FDC /* CCRibbon.m */; };
		044E6B5E15EE096F005D3FDC /* CCScene.m in Sources */ = {isa = PBXBuildFile; fileRef = 044E6B5D15EE096F005D3FDC /* CCScene.m */; };
		044E6B6115EE096F005D3FDC /* CCScheduler.m in Sources */ = {isa = PBXBuildFile; fileRef = 044E6B6015EE096F005D3FDC /* CCScheduler.m */; };
		044E6B6415EE096F005D3FDC /* CCSprite.m in Sources */ = {isa = PBXBuildFile; fileRef = 044E6B6315EE096F005D3FDC /* CCSprite.m */; };
		044E6B6715EE096F005D3FDC /* CCSpriteBatchNode.m in Sources */ = {isa = PBXBuildFile; fileRef = 044E6B6615EE096F005D3FDC /* CCSpriteBatchNode.m */; };
		044E6B6A15EE096F005D3FDC /* CCSpriteFrame.m in Sources */ = {isa = PBXBuildFile; fileRef = 044E6B6915EE096F005D3FDC /* CCSpriteFrame.m */; };
		044E6B6D15EE096F005D3FDC /* CCSpriteFrameCache.m in Sources */ = {isa = PBXBuildFile; fileRef = 044E6B6C15EE096F005D3FDC /* CCSpriteFrameCache.m */; };
		044E6B7015EE096F005D3FDC /* CCTexture2D.m in Sources */ = {isa = PBXBuildFile; fileRef = 044E6B6F15EE096F005D3FDC /* CCTexture2D.m */; };
		044E6B7315EE096F005D3FDC /* CCTextureAtlas.m in Sources */ = {isa = PBXBuildFile; fileRef = 044E6B7215EE096F005D3FDC /* CCTextureAtlas.m */; };
		044E6B7615EE096F005D3FDC /* CCTextureCache.m in Sources */ = {isa = PBXBuildFile; fileRef = 044E6B7515EE096F005D3FDC /* CCTextureCache.m */; };
		044E6B7915EE096F005D3FDC /* CCTexturePVR.m in Sources */ = {isa = PBXBuildFile; fileRef = 044E6B7815EE096F005D3FDC /* CCTexturePVR.m */; };
		044E6B7C15EE096F005D3FDC /* CCTileMapAtlas.m in Sources */ = {isa = PBXBuildFile; fileRef = 044E6B7B15EE096F005D3FDC /* CCTileMapAtlas.m */; };
		044E6B7F15EE096F005D3FDC /* CCTMXLayer.m in Sources */ = {isa = PBXBuildFile; fileRef = 044E6B7E15EE096F005D3FDC /* CCTMXLayer.m */; };
		044E6B8215EE096F005D3FDC /* CCTMXObjectGroup.m in Sources */ = {isa = PBXBuildFile; fileRef = 044E6B8115EE096F005D3FDC /* CCTMXObjectGroup.m */; };
		044E6B8515EE096F005D3FDC /* CCTMXTiledMap.m in Sources */ = {isa = PBXBuildFile; fileRef = 044E6B8415EE096F005D3FDC /* CCTMXTiledMap.m */; };
		044E6B8815EE096F005D3FDC /* CCTMXXMLParser.m in Sources */ = {isa = PBXBuildFile; fileRef = 044E6B8715EE096F005D3FDC /* CCTMXXMLParser.m */; };
		044E6B8B15EE096F005D3FDC /* CCTransition.m in Sources */ = {isa = PBXBuildFile; fileRef = 044E6B8A15EE096F005D3FDC /* CCTransition.m */; };
		044E6B8E15EE096F005D3FDC /* CCTransitionPageTurn.m in Sources */ = {isa = PBXBuildFile; fileRef = 044E6B8D15EE096F005D3FDC /* CCTransitionPageTurn.m */; };
		044E6B9115EE096F005D3FDC /* CCTransitionRadial.m in Sources */ = {isa = PBXBuildFile; fileRef = 044E6B9015EE096F005D3FDC /* CCTransitionRadial.m */; };
		044E6B9515EE096F005D3FDC /* cocos2d.m in Sources */ = {isa = PBXBuildFile; fileRef = 044E6B9415EE096F005D3FDC /* cocos2d.m */; };
		044E6B9C15EE096F005D3FDC /* CCDirectorIOS.m in Sources */ = {isa = PBXBuildFile; fileRef = 044E6B9B15EE096F005D3FDC /* CCDirectorIOS.m */; };
		044E6BA015EE096F005D3FDC /* CCTouchDispatcher.m in Sources */ = {isa = PBXBuildFile; fileRef = 044E6B9F15EE096F005D3FDC /* CCTouchDispatcher.m */; };
		044E6BA315EE096F005D3FDC /* CCTouchHandler.m in Sources */ = {isa = PBXBuildFile; fileRef = 044E6BA215EE096F005D3FDC /* CCTouchHandler.m */; };
		044E6BA615EE096F005D3FDC /* EAGLView.m in Sources */ = {isa = PBXBuildFile; fileRef = 044E6BA515EE096F005D3FDC /* EAGLView.m */; };
		044E6BA915EE096F005D3FDC /* ES1Renderer.m in Sources */ = {isa = PBXBuildFile; fileRef = 044E6BA815EE096F005D3FDC /* ES1Renderer.m */; };
		044E6BAC15EE096F005D3FDC /* glu.c in Sources */ = {isa = PBXBuildFile; fileRef = 044E6BAB15EE096F005D3FDC /* glu.c */; };
		044E6BB115EE096F005D3FDC /* CCDirectorMac.m in Sources */ = {isa = PBXBuildFile; fileRef = 044E6BB015EE096F005D3FDC /* CCDirectorMac.m */; };
		044E6BB415EE096F005D3FDC /* CCEventDispatcher.m in Sources */ = {isa = PBXBuildFile; fileRef = 044E6BB315EE096F005D3FDC /* CCEventDispatcher.m */; };
		044E6BB715EE096F005D3FDC /* MacGLView.m in Sources */ = {isa = PBXBuildFile; fileRef = 044E6BB615EE096F005D3FDC /* MacGLView.m */; };
		044E6BBA15EE096F005D3FDC /* MacWindow.m in Sources */ = {isa = PBXBuildFile; fileRef = 044E6BB915EE096F005D3FDC /* MacWindow.m */; };
		044E6BBD15EE096F005D3FDC /* base64.c in Sources */ = {isa = PBXBuildFile; fileRef = 044E6BBC15EE096F005D3FDC /* base64.c */; };
		044E6BC115EE096F005D3FDC /* CCArray.m in Sources */ = {isa = PBXBuildFile; fileRef = 044E6BC015EE096F005D3FDC /* CCArray.m */; };
		044E6BC515EE096F005D3FDC /* CCFileUtils.m in Sources */ = {isa = PBXBuildFile; fileRef = 044E6BC415EE096F005D3FDC /* CCFileUtils.m */; };
		044E6BC815EE096F005D3FDC /* CCProfiling.m in Sources */ = {isa = PBXBuildFile; fileRef = 044E6BC715EE096F005D3FDC /* CCProfiling.m */; };
		044E6BCA15EE096F005D3FDC /* ccUtils.c in Sources */ = {isa = PBXBuildFile; fileRef = 044E6BC915EE096F005D3FDC /* ccUtils.c */; };
		044E6BCE15EE096F005D3FDC /* CGPointExtension.m in Sources */ = {isa = PBXBuildFile; fileRef = 044E6BCD15EE096F005D3FDC /* CGPointExtension.m */; };
		044E6BD215EE096F005D3FDC /* TGAlib.m in Sources */ = {isa = PBXBuildFile; fileRef = 044E6BD115EE096F005D3FDC /* TGAlib.m */; };
		044E6BD515EE096F005D3FDC /* TransformUtils.m in Sources */ = {isa = PBXBuildFile; fileRef = 044E6BD415EE096F005D3FDC /* TransformUtils.m */; };
		044E6BDA15EE096F005D3FDC /* ZipUtils.m in Sources */ = {isa = PBXBuildFile; fileRef = 044E6BD915EE096F005D3FDC /* ZipUtils.m */; };
		044E6BDF15EE096F005D3FDC /* CDAudioManager.m in Sources */ = {isa = PBXBuildFile; fileRef = 044E6BDE15EE096F005D3FDC /* CDAudioManager.m */; };
		044E6BE315EE0970005D3FDC /* CDOpenALSupport.m in Sources */ = {isa = PBXBuildFile; fileRef = 044E6BE215EE0970005D3FDC /* CDOpenALSupport.m */; };
		044E6BE615EE0970005D3FDC /* CocosDenshion.m in Sources */ = {isa = PBXBuildFile; fileRef = 044E6BE515EE0970005D3FDC /* CocosDenshion.m */; };
		044E6BE915EE0970005D3FDC /* SimpleAudioEngine.m in Sources */ = {isa = PBXBuildFile; fileRef = 044E6BE815EE0970005D3FDC /* SimpleAudioEngine.m */; };
		044E6BEE15EE0970005D3FDC /* CLScoreServerPost.m in Sources */ = {isa = PBXBuildFile; fileRef = 044E6BED15EE0970005D3FDC /* CLScoreServerPost.m */; };
		044E6BF115EE0970005D3FDC /* CLScoreServerRequest.m in Sources */ = {isa = PBXBuildFile; fileRef = 044E6BF015EE0970005D3FDC /* CLScoreServerRequest.m */; };
		044E6BF415EE0970005D3FDC /* cocoslive.m in Sources */ = {isa = PBXBuildFile; fileRef = 044E6BF315EE0970005D3FDC /* cocoslive.m */; };
		044E6BF915EE0970005D3FDC /* CDataScanner.m in Sources */ = {isa = PBXBuildFile; fileRef = 044E6BF815EE0970005D3FDC /* CDataScanner.m */; };
		044E6BFD15EE0970005D3FDC /* CDataScanner_Extensions.m in Sources */ = {isa = PBXBuildFile; fileRef = 044E6BFC15EE0970005D3FDC /* CDataScanner_Extensions.m */; };
		044E6C0015EE0970005D3FDC /* NSDictionary_JSONExtensions.m in Sources */ = {isa = PBXBuildFile; fileRef = 044E6BFF15EE0970005D3FDC /* NSDictionary_JSONExtensions.m */; };
		044E6C0415EE0970005D3FDC /* CJSONDeserializer.m in Sources */ = {isa = PBXBuildFile; fileRef = 044E6C0315EE0970005D3FDC /* CJSONDeserializer.m */; };
		044E6C0715EE0970005D3FDC /* CJSONScanner.m in Sources */ = {isa = PBXBuildFile; fileRef = 044E6C0615EE0970005D3FDC /* CJSONScanner.m */; };
		044E6C0A15EE0970005D3FDC /* CJSONSerializer.m in Sources */ = {isa = PBXBuildFile; fileRef = 044E6C0915EE0970005D3FDC /* CJSONSerializer.m */; };
		044E6C0F15EE0970005D3FDC /* FontLabel.m in Sources */ = {isa = PBXBuildFile; fileRef = 044E6C0E15EE0970005D3FDC /* FontLabel.m */; };
		044E6C1215EE0970005D3FDC /* FontLabelStringDrawing.m in Sources */ = {isa = PBXBuildFile; fileRef = 044E6C1115EE0970005D3FDC /* FontLabelStringDrawing.m */; };
		044E6C1515EE0970005D3FDC /* FontManager.m in Sources */ = {isa = PBXBuildFile; fileRef = 044E6C1415EE0970005D3FDC /* FontManager.m */; };
		044E6C1815EE0970005D3FDC /* ZAttributedString.m in Sources */ = {isa = PBXBuildFile; fileRef = 044E6C1715EE0970005D3FDC /* ZAttributedString.m */; };
		044E6C1C15EE0970005D3FDC /* ZFont.m in Sources */ = {isa = PBXBuildFile; fileRef = 044E6C1B15EE0970005D3FDC /* ZFont.m */; };
		044E6C2115EE0970005D3FDC /* main.m in Sources */ = {isa = PBXBuildFile; fileRef = 044E6C2015EE0970005D3FDC /* main.m */; };
		044E6C2415EE0970005D3FDC /* AppDelegate.m in Sources */ = {isa = PBXBuildFile; fileRef = 044E6C2315EE0970005D3FDC /* AppDelegate.m */; };
		044E6C2715EE0970005D3FDC /* RootViewController.m in Sources */ = {isa = PBXBuildFile; fileRef = 044E6C2615EE0970005D3FDC /* RootViewController.m */; };
		044E6C2A15EE0970005D3FDC /* HelloWorldLayer.m in Sources */ = {isa = PBXBuildFile; fileRef = 044E6C2915EE0970005D3FDC /* HelloWorldLayer.m */; };
/* End PBXBuildFile section */

/* Begin PBXFileReference section */
		044E6AB915EE096E005D3FDC /* Hello Daddy.app */ = {isa = PBXFileReference; explicitFileType = wrapper.application; includeInIndex = 0; path = "Hello Daddy.app"; sourceTree = BUILT_PRODUCTS_DIR; };
		044E6ABD15EE096E005D3FDC /* QuartzCore.framework */ = {isa = PBXFileReference; lastKnownFileType = wrapper.framework; name = QuartzCore.framework; path = System/Library/Frameworks/QuartzCore.framework; sourceTree = SDKROOT; };
		044E6ABF15EE096E005D3FDC /* OpenGLES.framework */ = {isa = PBXFileReference; lastKnownFileType = wrapper.framework; name = OpenGLES.framework; path = System/Library/Frameworks/OpenGLES.framework; sourceTree = SDKROOT; };
		044E6AC115EE096E005D3FDC /* OpenAL.framework */ = {isa = PBXFileReference; lastKnownFileType = wrapper.framework; name = OpenAL.framework; path = System/Library/Frameworks/OpenAL.framework; sourceTree = SDKROOT; };
		044E6AC315EE096E005D3FDC /* AudioToolbox.framework */ = {isa = PBXFileReference; lastKnownFileType = wrapper.framework; name = AudioToolbox.framework; path = System/Library/Frameworks/AudioToolbox.framework; sourceTree = SDKROOT; };
		044E6AC515EE096E005D3FDC /* AVFoundation.framework */ = {isa = PBXFileReference; lastKnownFileType = wrapper.framework; name = AVFoundation.framework; path = System/Library/Frameworks/AVFoundation.framework; sourceTree = SDKROOT; };
		044E6AC715EE096E005D3FDC /* UIKit.framework */ = {isa = PBXFileReference; lastKnownFileType = wrapper.framework; name = UIKit.framework; path = System/Library/Frameworks/UIKit.framework; sourceTree = SDKROOT; };
		044E6AC915EE096E005D3FDC /* Foundation.framework */ = {isa = PBXFileReference; lastKnownFileType = wrapper.framework; name = Foundation.framework; path = System/Library/Frameworks/Foundation.framework; sourceTree = SDKROOT; };
		044E6ACB15EE096E005D3FDC /* CoreGraphics.framework */ = {isa = PBXFileReference; lastKnownFileType = wrapper.framework; name = CoreGraphics.framework; path = System/Library/Frameworks/CoreGraphics.framework; sourceTree = SDKROOT; };
		044E6ACF15EE096E005D3FDC /* Default.png */ = {isa = PBXFileReference; lastKnownFileType = image.png; name = Default.png; path = Resources/Default.png; sourceTree = "<group>"; };
		044E6AD115EE096E005D3FDC /* fps_images.png */ = {isa = PBXFileReference; lastKnownFileType = image.png; name = fps_images.png; path = Resources/fps_images.png; sourceTree = "<group>"; };
		044E6AD315EE096E005D3FDC /* Icon-72.png */ = {isa = PBXFileReference; lastKnownFileType = image.png; name = "Icon-72.png"; path = "Resources/Icon-72.png"; sourceTree = "<group>"; };
		044E6AD515EE096E005D3FDC /* Icon-Small-50.png */ = {isa = PBXFileReference; lastKnownFileType = image.png; name = "Icon-Small-50.png"; path = "Resources/Icon-Small-50.png"; sourceTree = "<group>"; };
		044E6AD715EE096E005D3FDC /* Icon-Small.png */ = {isa = PBXFileReference; lastKnownFileType = image.png; name = "Icon-Small.png"; path = "Resources/Icon-Small.png"; sourceTree = "<group>"; };
		044E6AD915EE096E005D3FDC /* Icon-Small@2x.png */ = {isa = PBXFileReference; lastKnownFileType = image.png; name = "Icon-Small@2x.png"; path = "Resources/Icon-Small@2x.png"; sourceTree = "<group>"; };
		044E6ADB15EE096E005D3FDC /* Icon.png */ = {isa = PBXFileReference; lastKnownFileType = image.png; name = Icon.png; path = Resources/Icon.png; sourceTree = "<group>"; };
		044E6ADD15EE096E005D3FDC /* Icon@2x.png */ = {isa = PBXFileReference; lastKnownFileType = image.png; name = "Icon@2x.png"; path = "Resources/Icon@2x.png"; sourceTree = "<group>"; };
		044E6ADF15EE096E005D3FDC /* Info.plist */ = {isa = PBXFileReference; lastKnownFileType = text.plist.xml; name = Info.plist; path = Resources/Info.plist; sourceTree = "<group>"; };
		044E6AE015EE096E005D3FDC /* iTunesArtwork */ = {isa = PBXFileReference; lastKnownFileType = file; name = iTunesArtwork; path = Resources/iTunesArtwork; sourceTree = "<group>"; };
		044E6AE415EE096E005D3FDC /* CCAction.h */ = {isa = PBXFileReference; lastKnownFileType = sourcecode.c.h; name = CCAction.h; path = libs/cocos2d/CCAction.h; sourceTree = "<group>"; };
		044E6AE515EE096E005D3FDC /* CCAction.m */ = {isa = PBXFileReference; lastKnownFileType = sourcecode.c.objc; name = CCAction.m; path = libs/cocos2d/CCAction.m; sourceTree = "<group>"; };
		044E6AE715EE096E005D3FDC /* CCActionCamera.h */ = {isa = PBXFileReference; lastKnownFileType = sourcecode.c.h; name = CCActionCamera.h; path = libs/cocos2d/CCActionCamera.h; sourceTree = "<group>"; };
		044E6AE815EE096E005D3FDC /* CCActionCamera.m */ = {isa = PBXFileReference; lastKnownFileType = sourcecode.c.objc; name = CCActionCamera.m; path = libs/cocos2d/CCActionCamera.m; sourceTree = "<group>"; };
		044E6AEA15EE096E005D3FDC /* CCActionEase.h */ = {isa = PBXFileReference; lastKnownFileType = sourcecode.c.h; name = CCActionEase.h; path = libs/cocos2d/CCActionEase.h; sourceTree = "<group>"; };
		044E6AEB15EE096E005D3FDC /* CCActionEase.m */ = {isa = PBXFileReference; lastKnownFileType = sourcecode.c.objc; name = CCActionEase.m; path = libs/cocos2d/CCActionEase.m; sourceTree = "<group>"; };
		044E6AED15EE096E005D3FDC /* CCActionGrid.h */ = {isa = PBXFileReference; lastKnownFileType = sourcecode.c.h; name = CCActionGrid.h; path = libs/cocos2d/CCActionGrid.h; sourceTree = "<group>"; };
		044E6AEE15EE096E005D3FDC /* CCActionGrid.m */ = {isa = PBXFileReference; lastKnownFileType = sourcecode.c.objc; name = CCActionGrid.m; path = libs/cocos2d/CCActionGrid.m; sourceTree = "<group>"; };
		044E6AF015EE096E005D3FDC /* CCActionGrid3D.h */ = {isa = PBXFileReference; lastKnownFileType = sourcecode.c.h; name = CCActionGrid3D.h; path = libs/cocos2d/CCActionGrid3D.h; sourceTree = "<group>"; };
		044E6AF115EE096E005D3FDC /* CCActionGrid3D.m */ = {isa = PBXFileReference; lastKnownFileType = sourcecode.c.objc; name = CCActionGrid3D.m; path = libs/cocos2d/CCActionGrid3D.m; sourceTree = "<group>"; };
		044E6AF315EE096E005D3FDC /* CCActionInstant.h */ = {isa = PBXFileReference; lastKnownFileType = sourcecode.c.h; name = CCActionInstant.h; path = libs/cocos2d/CCActionInstant.h; sourceTree = "<group>"; };
		044E6AF415EE096E005D3FDC /* CCActionInstant.m */ = {isa = PBXFileReference; lastKnownFileType = sourcecode.c.objc; name = CCActionInstant.m; path = libs/cocos2d/CCActionInstant.m; sourceTree = "<group>"; };
		044E6AF615EE096E005D3FDC /* CCActionInterval.h */ = {isa = PBXFileReference; lastKnownFileType = sourcecode.c.h; name = CCActionInterval.h; path = libs/cocos2d/CCActionInterval.h; sourceTree = "<group>"; };
		044E6AF715EE096E005D3FDC /* CCActionInterval.m */ = {isa = PBXFileReference; lastKnownFileType = sourcecode.c.objc; name = CCActionInterval.m; path = libs/cocos2d/CCActionInterval.m; sourceTree = "<group>"; };
		044E6AF915EE096E005D3FDC /* CCActionManager.h */ = {isa = PBXFileReference; lastKnownFileType = sourcecode.c.h; name = CCActionManager.h; path = libs/cocos2d/CCActionManager.h; sourceTree = "<group>"; };
		044E6AFA15EE096E005D3FDC /* CCActionManager.m */ = {isa = PBXFileReference; lastKnownFileType = sourcecode.c.objc; name = CCActionManager.m; path = libs/cocos2d/CCActionManager.m; sourceTree = "<group>"; };
		044E6AFC15EE096E005D3FDC /* CCActionPageTurn3D.h */ = {isa = PBXFileReference; lastKnownFileType = sourcecode.c.h; name = CCActionPageTurn3D.h; path = libs/cocos2d/CCActionPageTurn3D.h; sourceTree = "<group>"; };
		044E6AFD15EE096E005D3FDC /* CCActionPageTurn3D.m */ = {isa = PBXFileReference; lastKnownFileType = sourcecode.c.objc; name = CCActionPageTurn3D.m; path = libs/cocos2d/CCActionPageTurn3D.m; sourceTree = "<group>"; };
		044E6AFF15EE096E005D3FDC /* CCActionProgressTimer.h */ = {isa = PBXFileReference; lastKnownFileType = sourcecode.c.h; name = CCActionProgressTimer.h; path = libs/cocos2d/CCActionProgressTimer.h; sourceTree = "<group>"; };
		044E6B0015EE096E005D3FDC /* CCActionProgressTimer.m */ = {isa = PBXFileReference; lastKnownFileType = sourcecode.c.objc; name = CCActionProgressTimer.m; path = libs/cocos2d/CCActionProgressTimer.m; sourceTree = "<group>"; };
		044E6B0215EE096E005D3FDC /* CCActionTiledGrid.h */ = {isa = PBXFileReference; lastKnownFileType = sourcecode.c.h; name = CCActionTiledGrid.h; path = libs/cocos2d/CCActionTiledGrid.h; sourceTree = "<group>"; };
		044E6B0315EE096E005D3FDC /* CCActionTiledGrid.m */ = {isa = PBXFileReference; lastKnownFileType = sourcecode.c.objc; name = CCActionTiledGrid.m; path = libs/cocos2d/CCActionTiledGrid.m; sourceTree = "<group>"; };
		044E6B0515EE096E005D3FDC /* CCActionTween.h */ = {isa = PBXFileReference; lastKnownFileType = sourcecode.c.h; name = CCActionTween.h; path = libs/cocos2d/CCActionTween.h; sourceTree = "<group>"; };
		044E6B0615EE096E005D3FDC /* CCActionTween.m */ = {isa = PBXFileReference; lastKnownFileType = sourcecode.c.objc; name = CCActionTween.m; path = libs/cocos2d/CCActionTween.m; sourceTree = "<group>"; };
		044E6B0815EE096E005D3FDC /* CCAnimation.h */ = {isa = PBXFileReference; lastKnownFileType = sourcecode.c.h; name = CCAnimation.h; path = libs/cocos2d/CCAnimation.h; sourceTree = "<group>"; };
		044E6B0915EE096E005D3FDC /* CCAnimation.m */ = {isa = PBXFileReference; lastKnownFileType = sourcecode.c.objc; name = CCAnimation.m; path = libs/cocos2d/CCAnimation.m; sourceTree = "<group>"; };
		044E6B0B15EE096E005D3FDC /* CCAnimationCache.h */ = {isa = PBXFileReference; lastKnownFileType = sourcecode.c.h; name = CCAnimationCache.h; path = libs/cocos2d/CCAnimationCache.h; sourceTree = "<group>"; };
		044E6B0C15EE096E005D3FDC /* CCAnimationCache.m */ = {isa = PBXFileReference; lastKnownFileType = sourcecode.c.objc; name = CCAnimationCache.m; path = libs/cocos2d/CCAnimationCache.m; sourceTree = "<group>"; };
		044E6B0E15EE096E005D3FDC /* CCAtlasNode.h */ = {isa = PBXFileReference; lastKnownFileType = sourcecode.c.h; name = CCAtlasNode.h; path = libs/cocos2d/CCAtlasNode.h; sourceTree = "<group>"; };
		044E6B0F15EE096E005D3FDC /* CCAtlasNode.m */ = {isa = PBXFileReference; lastKnownFileType = sourcecode.c.objc; name = CCAtlasNode.m; path = libs/cocos2d/CCAtlasNode.m; sourceTree = "<group>"; };
		044E6B1115EE096E005D3FDC /* CCBlockSupport.h */ = {isa = PBXFileReference; lastKnownFileType = sourcecode.c.h; name = CCBlockSupport.h; path = libs/cocos2d/CCBlockSupport.h; sourceTree = "<group>"; };
		044E6B1215EE096E005D3FDC /* CCBlockSupport.m */ = {isa = PBXFileReference; lastKnownFileType = sourcecode.c.objc; name = CCBlockSupport.m; path = libs/cocos2d/CCBlockSupport.m; sourceTree = "<group>"; };
		044E6B1415EE096E005D3FDC /* CCCamera.h */ = {isa = PBXFileReference; lastKnownFileType = sourcecode.c.h; name = CCCamera.h; path = libs/cocos2d/CCCamera.h; sourceTree = "<group>"; };
		044E6B1515EE096E005D3FDC /* CCCamera.m */ = {isa = PBXFileReference; lastKnownFileType = sourcecode.c.objc; name = CCCamera.m; path = libs/cocos2d/CCCamera.m; sourceTree = "<group>"; };
		044E6B1715EE096E005D3FDC /* ccConfig.h */ = {isa = PBXFileReference; lastKnownFileType = sourcecode.c.h; name = ccConfig.h; path = libs/cocos2d/ccConfig.h; sourceTree = "<group>"; };
		044E6B1815EE096E005D3FDC /* CCConfiguration.h */ = {isa = PBXFileReference; lastKnownFileType = sourcecode.c.h; name = CCConfiguration.h; path = libs/cocos2d/CCConfiguration.h; sourceTree = "<group>"; };
		044E6B1915EE096E005D3FDC /* CCConfiguration.m */ = {isa = PBXFileReference; lastKnownFileType = sourcecode.c.objc; name = CCConfiguration.m; path = libs/cocos2d/CCConfiguration.m; sourceTree = "<group>"; };
		044E6B1B15EE096E005D3FDC /* CCDirector.h */ = {isa = PBXFileReference; lastKnownFileType = sourcecode.c.h; name = CCDirector.h; path = libs/cocos2d/CCDirector.h; sourceTree = "<group>"; };
		044E6B1C15EE096E005D3FDC /* CCDirector.m */ = {isa = PBXFileReference; lastKnownFileType = sourcecode.c.objc; name = CCDirector.m; path = libs/cocos2d/CCDirector.m; sourceTree = "<group>"; };
		044E6B1E15EE096E005D3FDC /* CCDrawingPrimitives.h */ = {isa = PBXFileReference; lastKnownFileType = sourcecode.c.h; name = CCDrawingPrimitives.h; path = libs/cocos2d/CCDrawingPrimitives.h; sourceTree = "<group>"; };
		044E6B1F15EE096E005D3FDC /* CCDrawingPrimitives.m */ = {isa = PBXFileReference; lastKnownFileType = sourcecode.c.objc; name = CCDrawingPrimitives.m; path = libs/cocos2d/CCDrawingPrimitives.m; sourceTree = "<group>"; };
		044E6B2115EE096E005D3FDC /* CCGrabber.h */ = {isa = PBXFileReference; lastKnownFileType = sourcecode.c.h; name = CCGrabber.h; path = libs/cocos2d/CCGrabber.h; sourceTree = "<group>"; };
		044E6B2215EE096E005D3FDC /* CCGrabber.m */ = {isa = PBXFileReference; lastKnownFileType = sourcecode.c.objc; name = CCGrabber.m; path = libs/cocos2d/CCGrabber.m; sourceTree = "<group>"; };
		044E6B2415EE096E005D3FDC /* CCGrid.h */ = {isa = PBXFileReference; lastKnownFileType = sourcecode.c.h; name = CCGrid.h; path = libs/cocos2d/CCGrid.h; sourceTree = "<group>"; };
		044E6B2515EE096E005D3FDC /* CCGrid.m */ = {isa = PBXFileReference; lastKnownFileType = sourcecode.c.objc; name = CCGrid.m; path = libs/cocos2d/CCGrid.m; sourceTree = "<group>"; };
		044E6B2715EE096E005D3FDC /* CCLabelAtlas.h */ = {isa = PBXFileReference; lastKnownFileType = sourcecode.c.h; name = CCLabelAtlas.h; path = libs/cocos2d/CCLabelAtlas.h; sourceTree = "<group>"; };
		044E6B2815EE096E005D3FDC /* CCLabelAtlas.m */ = {isa = PBXFileReference; lastKnownFileType = sourcecode.c.objc; name = CCLabelAtlas.m; path = libs/cocos2d/CCLabelAtlas.m; sourceTree = "<group>"; };
		044E6B2A15EE096E005D3FDC /* CCLabelBMFont.h */ = {isa = PBXFileReference; lastKnownFileType = sourcecode.c.h; name = CCLabelBMFont.h; path = libs/cocos2d/CCLabelBMFont.h; sourceTree = "<group>"; };
		044E6B2B15EE096E005D3FDC /* CCLabelBMFont.m */ = {isa = PBXFileReference; lastKnownFileType = sourcecode.c.objc; name = CCLabelBMFont.m; path = libs/cocos2d/CCLabelBMFont.m; sourceTree = "<group>"; };
		044E6B2D15EE096E005D3FDC /* CCLabelTTF.h */ = {isa = PBXFileReference; lastKnownFileType = sourcecode.c.h; name = CCLabelTTF.h; path = libs/cocos2d/CCLabelTTF.h; sourceTree = "<group>"; };
		044E6B2E15EE096E005D3FDC /* CCLabelTTF.m */ = {isa = PBXFileReference; lastKnownFileType = sourcecode.c.objc; name = CCLabelTTF.m; path = libs/cocos2d/CCLabelTTF.m; sourceTree = "<group>"; };
		044E6B3015EE096E005D3FDC /* CCLayer.h */ = {isa = PBXFileReference; lastKnownFileType = sourcecode.c.h; name = CCLayer.h; path = libs/cocos2d/CCLayer.h; sourceTree = "<group>"; };
		044E6B3115EE096E005D3FDC /* CCLayer.m */ = {isa = PBXFileReference; lastKnownFileType = sourcecode.c.objc; name = CCLayer.m; path = libs/cocos2d/CCLayer.m; sourceTree = "<group>"; };
		044E6B3315EE096E005D3FDC /* ccMacros.h */ = {isa = PBXFileReference; lastKnownFileType = sourcecode.c.h; name = ccMacros.h; path = libs/cocos2d/ccMacros.h; sourceTree = "<group>"; };
		044E6B3415EE096E005D3FDC /* CCMenu.h */ = {isa = PBXFileReference; lastKnownFileType = sourcecode.c.h; name = CCMenu.h; path = libs/cocos2d/CCMenu.h; sourceTree = "<group>"; };
		044E6B3515EE096E005D3FDC /* CCMenu.m */ = {isa = PBXFileReference; lastKnownFileType = sourcecode.c.objc; name = CCMenu.m; path = libs/cocos2d/CCMenu.m; sourceTree = "<group>"; };
		044E6B3715EE096E005D3FDC /* CCMenuItem.h */ = {isa = PBXFileReference; lastKnownFileType = sourcecode.c.h; name = CCMenuItem.h; path = libs/cocos2d/CCMenuItem.h; sourceTree = "<group>"; };
		044E6B3815EE096E005D3FDC /* CCMenuItem.m */ = {isa = PBXFileReference; lastKnownFileType = sourcecode.c.objc; name = CCMenuItem.m; path = libs/cocos2d/CCMenuItem.m; sourceTree = "<group>"; };
		044E6B3A15EE096E005D3FDC /* CCMotionStreak.h */ = {isa = PBXFileReference; lastKnownFileType = sourcecode.c.h; name = CCMotionStreak.h; path = libs/cocos2d/CCMotionStreak.h; sourceTree = "<group>"; };
		044E6B3B15EE096E005D3FDC /* CCMotionStreak.m */ = {isa = PBXFileReference; lastKnownFileType = sourcecode.c.objc; name = CCMotionStreak.m; path = libs/cocos2d/CCMotionStreak.m; sourceTree = "<group>"; };
		044E6B3D15EE096E005D3FDC /* CCNode.h */ = {isa = PBXFileReference; lastKnownFileType = sourcecode.c.h; name = CCNode.h; path = libs/cocos2d/CCNode.h; sourceTree = "<group>"; };
		044E6B3E15EE096E005D3FDC /* CCNode.m */ = {isa = PBXFileReference; lastKnownFileType = sourcecode.c.objc; name = CCNode.m; path = libs/cocos2d/CCNode.m; sourceTree = "<group>"; };
		044E6B4015EE096E005D3FDC /* CCParallaxNode.h */ = {isa = PBXFileReference; lastKnownFileType = sourcecode.c.h; name = CCParallaxNode.h; path = libs/cocos2d/CCParallaxNode.h; sourceTree = "<group>"; };
		044E6B4115EE096E005D3FDC /* CCParallaxNode.m */ = {isa = PBXFileReference; lastKnownFileType = sourcecode.c.objc; name = CCParallaxNode.m; path = libs/cocos2d/CCParallaxNode.m; sourceTree = "<group>"; };
		044E6B4315EE096E005D3FDC /* CCParticleBatchNode.h */ = {isa = PBXFileReference; lastKnownFileType = sourcecode.c.h; name = CCParticleBatchNode.h; path = libs/cocos2d/CCParticleBatchNode.h; sourceTree = "<group>"; };
		044E6B4415EE096E005D3FDC /* CCParticleBatchNode.m */ = {isa = PBXFileReference; lastKnownFileType = sourcecode.c.objc; name = CCParticleBatchNode.m; path = libs/cocos2d/CCParticleBatchNode.m; sourceTree = "<group>"; };
		044E6B4615EE096F005D3FDC /* CCParticleExamples.h */ = {isa = PBXFileReference; lastKnownFileType = sourcecode.c.h; name = CCParticleExamples.h; path = libs/cocos2d/CCParticleExamples.h; sourceTree = "<group>"; };
		044E6B4715EE096F005D3FDC /* CCParticleExamples.m */ = {isa = PBXFileReference; lastKnownFileType = sourcecode.c.objc; name = CCParticleExamples.m; path = libs/cocos2d/CCParticleExamples.m; sourceTree = "<group>"; };
		044E6B4915EE096F005D3FDC /* CCParticleSystem.h */ = {isa = PBXFileReference; lastKnownFileType = sourcecode.c.h; name = CCParticleSystem.h; path = libs/cocos2d/CCParticleSystem.h; sourceTree = "<group>"; };
		044E6B4A15EE096F005D3FDC /* CCParticleSystem.m */ = {isa = PBXFileReference; lastKnownFileType = sourcecode.c.objc; name = CCParticleSystem.m; path = libs/cocos2d/CCParticleSystem.m; sourceTree = "<group>"; };
		044E6B4C15EE096F005D3FDC /* CCParticleSystemPoint.h */ = {isa = PBXFileReference; lastKnownFileType = sourcecode.c.h; name = CCParticleSystemPoint.h; path = libs/cocos2d/CCParticleSystemPoint.h; sourceTree = "<group>"; };
		044E6B4D15EE096F005D3FDC /* CCParticleSystemPoint.m */ = {isa = PBXFileReference; lastKnownFileType = sourcecode.c.objc; name = CCParticleSystemPoint.m; path = libs/cocos2d/CCParticleSystemPoint.m; sourceTree = "<group>"; };
		044E6B4F15EE096F005D3FDC /* CCParticleSystemQuad.h */ = {isa = PBXFileReference; lastKnownFileType = sourcecode.c.h; name = CCParticleSystemQuad.h; path = libs/cocos2d/CCParticleSystemQuad.h; sourceTree = "<group>"; };
		044E6B5015EE096F005D3FDC /* CCParticleSystemQuad.m */ = {isa = PBXFileReference; lastKnownFileType = sourcecode.c.objc; name = CCParticleSystemQuad.m; path = libs/cocos2d/CCParticleSystemQuad.m; sourceTree = "<group>"; };
		044E6B5215EE096F005D3FDC /* CCProgressTimer.h */ = {isa = PBXFileReference; lastKnownFileType = sourcecode.c.h; name = CCProgressTimer.h; path = libs/cocos2d/CCProgressTimer.h; sourceTree = "<group>"; };
		044E6B5315EE096F005D3FDC /* CCProgressTimer.m */ = {isa = PBXFileReference; lastKnownFileType = sourcecode.c.objc; name = CCProgressTimer.m; path = libs/cocos2d/CCProgressTimer.m; sourceTree = "<group>"; };
		044E6B5515EE096F005D3FDC /* CCProtocols.h */ = {isa = PBXFileReference; lastKnownFileType = sourcecode.c.h; name = CCProtocols.h; path = libs/cocos2d/CCProtocols.h; sourceTree = "<group>"; };
		044E6B5615EE096F005D3FDC /* CCRenderTexture.h */ = {isa = PBXFileReference; lastKnownFileType = sourcecode.c.h; name = CCRenderTexture.h; path = libs/cocos2d/CCRenderTexture.h; sourceTree = "<group>"; };
		044E6B5715EE096F005D3FDC /* CCRenderTexture.m */ = {isa = PBXFileReference; lastKnownFileType = sourcecode.c.objc; name = CCRenderTexture.m; path = libs/cocos2d/CCRenderTexture.m; sourceTree = "<group>"; };
		044E6B5915EE096F005D3FDC /* CCRibbon.h */ = {isa = PBXFileReference; lastKnownFileType = sourcecode.c.h; name = CCRibbon.h; path = libs/cocos2d/CCRibbon.h; sourceTree = "<group>"; };
		044E6B5A15EE096F005D3FDC /* CCRibbon.m */ = {isa = PBXFileReference; lastKnownFileType = sourcecode.c.objc; name = CCRibbon.m; path = libs/cocos2d/CCRibbon.m; sourceTree = "<group>"; };
		044E6B5C15EE096F005D3FDC /* CCScene.h */ = {isa = PBXFileReference; lastKnownFileType = sourcecode.c.h; name = CCScene.h; path = libs/cocos2d/CCScene.h; sourceTree = "<group>"; };
		044E6B5D15EE096F005D3FDC /* CCScene.m */ = {isa = PBXFileReference; lastKnownFileType = sourcecode.c.objc; name = CCScene.m; path = libs/cocos2d/CCScene.m; sourceTree = "<group>"; };
		044E6B5F15EE096F005D3FDC /* CCScheduler.h */ = {isa = PBXFileReference; lastKnownFileType = sourcecode.c.h; name = CCScheduler.h; path = libs/cocos2d/CCScheduler.h; sourceTree = "<group>"; };
		044E6B6015EE096F005D3FDC /* CCScheduler.m */ = {isa = PBXFileReference; lastKnownFileType = sourcecode.c.objc; name = CCScheduler.m; path = libs/cocos2d/CCScheduler.m; sourceTree = "<group>"; };
		044E6B6215EE096F005D3FDC /* CCSprite.h */ = {isa = PBXFileReference; lastKnownFileType = sourcecode.c.h; name = CCSprite.h; path = libs/cocos2d/CCSprite.h; sourceTree = "<group>"; };
		044E6B6315EE096F005D3FDC /* CCSprite.m */ = {isa = PBXFileReference; lastKnownFileType = sourcecode.c.objc; name = CCSprite.m; path = libs/cocos2d/CCSprite.m; sourceTree = "<group>"; };
		044E6B6515EE096F005D3FDC /* CCSpriteBatchNode.h */ = {isa = PBXFileReference; lastKnownFileType = sourcecode.c.h; name = CCSpriteBatchNode.h; path = libs/cocos2d/CCSpriteBatchNode.h; sourceTree = "<group>"; };
		044E6B6615EE096F005D3FDC /* CCSpriteBatchNode.m */ = {isa = PBXFileReference; lastKnownFileType = sourcecode.c.objc; name = CCSpriteBatchNode.m; path = libs/cocos2d/CCSpriteBatchNode.m; sourceTree = "<group>"; };
		044E6B6815EE096F005D3FDC /* CCSpriteFrame.h */ = {isa = PBXFileReference; lastKnownFileType = sourcecode.c.h; name = CCSpriteFrame.h; path = libs/cocos2d/CCSpriteFrame.h; sourceTree = "<group>"; };
		044E6B6915EE096F005D3FDC /* CCSpriteFrame.m */ = {isa = PBXFileReference; lastKnownFileType = sourcecode.c.objc; name = CCSpriteFrame.m; path = libs/cocos2d/CCSpriteFrame.m; sourceTree = "<group>"; };
		044E6B6B15EE096F005D3FDC /* CCSpriteFrameCache.h */ = {isa = PBXFileReference; lastKnownFileType = sourcecode.c.h; name = CCSpriteFrameCache.h; path = libs/cocos2d/CCSpriteFrameCache.h; sourceTree = "<group>"; };
		044E6B6C15EE096F005D3FDC /* CCSpriteFrameCache.m */ = {isa = PBXFileReference; lastKnownFileType = sourcecode.c.objc; name = CCSpriteFrameCache.m; path = libs/cocos2d/CCSpriteFrameCache.m; sourceTree = "<group>"; };
		044E6B6E15EE096F005D3FDC /* CCTexture2D.h */ = {isa = PBXFileReference; lastKnownFileType = sourcecode.c.h; name = CCTexture2D.h; path = libs/cocos2d/CCTexture2D.h; sourceTree = "<group>"; };
		044E6B6F15EE096F005D3FDC /* CCTexture2D.m */ = {isa = PBXFileReference; lastKnownFileType = sourcecode.c.objc; name = CCTexture2D.m; path = libs/cocos2d/CCTexture2D.m; sourceTree = "<group>"; };
		044E6B7115EE096F005D3FDC /* CCTextureAtlas.h */ = {isa = PBXFileReference; lastKnownFileType = sourcecode.c.h; name = CCTextureAtlas.h; path = libs/cocos2d/CCTextureAtlas.h; sourceTree = "<group>"; };
		044E6B7215EE096F005D3FDC /* CCTextureAtlas.m */ = {isa = PBXFileReference; lastKnownFileType = sourcecode.c.objc; name = CCTextureAtlas.m; path = libs/cocos2d/CCTextureAtlas.m; sourceTree = "<group>"; };
		044E6B7415EE096F005D3FDC /* CCTextureCache.h */ = {isa = PBXFileReference; lastKnownFileType = sourcecode.c.h; name = CCTextureCache.h; path = libs/cocos2d/CCTextureCache.h; sourceTree = "<group>"; };
		044E6B7515EE096F005D3FDC /* CCTextureCache.m */ = {isa = PBXFileReference; lastKnownFileType = sourcecode.c.objc; name = CCTextureCache.m; path = libs/cocos2d/CCTextureCache.m; sourceTree = "<group>"; };
		044E6B7715EE096F005D3FDC /* CCTexturePVR.h */ = {isa = PBXFileReference; lastKnownFileType = sourcecode.c.h; name = CCTexturePVR.h; path = libs/cocos2d/CCTexturePVR.h; sourceTree = "<group>"; };
		044E6B7815EE096F005D3FDC /* CCTexturePVR.m */ = {isa = PBXFileReference; lastKnownFileType = sourcecode.c.objc; name = CCTexturePVR.m; path = libs/cocos2d/CCTexturePVR.m; sourceTree = "<group>"; };
		044E6B7A15EE096F005D3FDC /* CCTileMapAtlas.h */ = {isa = PBXFileReference; lastKnownFileType = sourcecode.c.h; name = CCTileMapAtlas.h; path = libs/cocos2d/CCTileMapAtlas.h; sourceTree = "<group>"; };
		044E6B7B15EE096F005D3FDC /* CCTileMapAtlas.m */ = {isa = PBXFileReference; lastKnownFileType = sourcecode.c.objc; name = CCTileMapAtlas.m; path = libs/cocos2d/CCTileMapAtlas.m; sourceTree = "<group>"; };
		044E6B7D15EE096F005D3FDC /* CCTMXLayer.h */ = {isa = PBXFileReference; lastKnownFileType = sourcecode.c.h; name = CCTMXLayer.h; path = libs/cocos2d/CCTMXLayer.h; sourceTree = "<group>"; };
		044E6B7E15EE096F005D3FDC /* CCTMXLayer.m */ = {isa = PBXFileReference; lastKnownFileType = sourcecode.c.objc; name = CCTMXLayer.m; path = libs/cocos2d/CCTMXLayer.m; sourceTree = "<group>"; };
		044E6B8015EE096F005D3FDC /* CCTMXObjectGroup.h */ = {isa = PBXFileReference; lastKnownFileType = sourcecode.c.h; name = CCTMXObjectGroup.h; path = libs/cocos2d/CCTMXObjectGroup.h; sourceTree = "<group>"; };
		044E6B8115EE096F005D3FDC /* CCTMXObjectGroup.m */ = {isa = PBXFileReference; lastKnownFileType = sourcecode.c.objc; name = CCTMXObjectGroup.m; path = libs/cocos2d/CCTMXObjectGroup.m; sourceTree = "<group>"; };
		044E6B8315EE096F005D3FDC /* CCTMXTiledMap.h */ = {isa = PBXFileReference; lastKnownFileType = sourcecode.c.h; name = CCTMXTiledMap.h; path = libs/cocos2d/CCTMXTiledMap.h; sourceTree = "<group>"; };
		044E6B8415EE096F005D3FDC /* CCTMXTiledMap.m */ = {isa = PBXFileReference; lastKnownFileType = sourcecode.c.objc; name = CCTMXTiledMap.m; path = libs/cocos2d/CCTMXTiledMap.m; sourceTree = "<group>"; };
		044E6B8615EE096F005D3FDC /* CCTMXXMLParser.h */ = {isa = PBXFileReference; lastKnownFileType = sourcecode.c.h; name = CCTMXXMLParser.h; path = libs/cocos2d/CCTMXXMLParser.h; sourceTree = "<group>"; };
		044E6B8715EE096F005D3FDC /* CCTMXXMLParser.m */ = {isa = PBXFileReference; lastKnownFileType = sourcecode.c.objc; name = CCTMXXMLParser.m; path = libs/cocos2d/CCTMXXMLParser.m; sourceTree = "<group>"; };
		044E6B8915EE096F005D3FDC /* CCTransition.h */ = {isa = PBXFileReference; lastKnownFileType = sourcecode.c.h; name = CCTransition.h; path = libs/cocos2d/CCTransition.h; sourceTree = "<group>"; };
		044E6B8A15EE096F005D3FDC /* CCTransition.m */ = {isa = PBXFileReference; lastKnownFileType = sourcecode.c.objc; name = CCTransition.m; path = libs/cocos2d/CCTransition.m; sourceTree = "<group>"; };
		044E6B8C15EE096F005D3FDC /* CCTransitionPageTurn.h */ = {isa = PBXFileReference; lastKnownFileType = sourcecode.c.h; name = CCTransitionPageTurn.h; path = libs/cocos2d/CCTransitionPageTurn.h; sourceTree = "<group>"; };
		044E6B8D15EE096F005D3FDC /* CCTransitionPageTurn.m */ = {isa = PBXFileReference; lastKnownFileType = sourcecode.c.objc; name = CCTransitionPageTurn.m; path = libs/cocos2d/CCTransitionPageTurn.m; sourceTree = "<group>"; };
		044E6B8F15EE096F005D3FDC /* CCTransitionRadial.h */ = {isa = PBXFileReference; lastKnownFileType = sourcecode.c.h; name = CCTransitionRadial.h; path = libs/cocos2d/CCTransitionRadial.h; sourceTree = "<group>"; };
		044E6B9015EE096F005D3FDC /* CCTransitionRadial.m */ = {isa = PBXFileReference; lastKnownFileType = sourcecode.c.objc; name = CCTransitionRadial.m; path = libs/cocos2d/CCTransitionRadial.m; sourceTree = "<group>"; };
		044E6B9215EE096F005D3FDC /* ccTypes.h */ = {isa = PBXFileReference; lastKnownFileType = sourcecode.c.h; name = ccTypes.h; path = libs/cocos2d/ccTypes.h; sourceTree = "<group>"; };
		044E6B9315EE096F005D3FDC /* cocos2d.h */ = {isa = PBXFileReference; lastKnownFileType = sourcecode.c.h; name = cocos2d.h; path = libs/cocos2d/cocos2d.h; sourceTree = "<group>"; };
		044E6B9415EE096F005D3FDC /* cocos2d.m */ = {isa = PBXFileReference; lastKnownFileType = sourcecode.c.objc; name = cocos2d.m; path = libs/cocos2d/cocos2d.m; sourceTree = "<group>"; };
		044E6B9715EE096F005D3FDC /* CCGL.h */ = {isa = PBXFileReference; lastKnownFileType = sourcecode.c.h; name = CCGL.h; path = libs/cocos2d/Platforms/CCGL.h; sourceTree = "<group>"; };
		044E6B9815EE096F005D3FDC /* CCNS.h */ = {isa = PBXFileReference; lastKnownFileType = sourcecode.c.h; name = CCNS.h; path = libs/cocos2d/Platforms/CCNS.h; sourceTree = "<group>"; };
		044E6B9A15EE096F005D3FDC /* CCDirectorIOS.h */ = {isa = PBXFileReference; lastKnownFileType = sourcecode.c.h; name = CCDirectorIOS.h; path = libs/cocos2d/Platforms/iOS/CCDirectorIOS.h; sourceTree = "<group>"; };
		044E6B9B15EE096F005D3FDC /* CCDirectorIOS.m */ = {isa = PBXFileReference; lastKnownFileType = sourcecode.c.objc; name = CCDirectorIOS.m; path = libs/cocos2d/Platforms/iOS/CCDirectorIOS.m; sourceTree = "<group>"; };
		044E6B9D15EE096F005D3FDC /* CCTouchDelegateProtocol.h */ = {isa = PBXFileReference; lastKnownFileType = sourcecode.c.h; name = CCTouchDelegateProtocol.h; path = libs/cocos2d/Platforms/iOS/CCTouchDelegateProtocol.h; sourceTree = "<group>"; };
		044E6B9E15EE096F005D3FDC /* CCTouchDispatcher.h */ = {isa = PBXFileReference; lastKnownFileType = sourcecode.c.h; name = CCTouchDispatcher.h; path = libs/cocos2d/Platforms/iOS/CCTouchDispatcher.h; sourceTree = "<group>"; };
		044E6B9F15EE096F005D3FDC /* CCTouchDispatcher.m */ = {isa = PBXFileReference; lastKnownFileType = sourcecode.c.objc; name = CCTouchDispatcher.m; path = libs/cocos2d/Platforms/iOS/CCTouchDispatcher.m; sourceTree = "<group>"; };
		044E6BA115EE096F005D3FDC /* CCTouchHandler.h */ = {isa = PBXFileReference; lastKnownFileType = sourcecode.c.h; name = CCTouchHandler.h; path = libs/cocos2d/Platforms/iOS/CCTouchHandler.h; sourceTree = "<group>"; };
		044E6BA215EE096F005D3FDC /* CCTouchHandler.m */ = {isa = PBXFileReference; lastKnownFileType = sourcecode.c.objc; name = CCTouchHandler.m; path = libs/cocos2d/Platforms/iOS/CCTouchHandler.m; sourceTree = "<group>"; };
		044E6BA415EE096F005D3FDC /* EAGLView.h */ = {isa = PBXFileReference; lastKnownFileType = sourcecode.c.h; name = EAGLView.h; path = libs/cocos2d/Platforms/iOS/EAGLView.h; sourceTree = "<group>"; };
		044E6BA515EE096F005D3FDC /* EAGLView.m */ = {isa = PBXFileReference; lastKnownFileType = sourcecode.c.objc; name = EAGLView.m; path = libs/cocos2d/Platforms/iOS/EAGLView.m; sourceTree = "<group>"; };
		044E6BA715EE096F005D3FDC /* ES1Renderer.h */ = {isa = PBXFileReference; lastKnownFileType = sourcecode.c.h; name = ES1Renderer.h; path = libs/cocos2d/Platforms/iOS/ES1Renderer.h; sourceTree = "<group>"; };
		044E6BA815EE096F005D3FDC /* ES1Renderer.m */ = {isa = PBXFileReference; lastKnownFileType = sourcecode.c.objc; name = ES1Renderer.m; path = libs/cocos2d/Platforms/iOS/ES1Renderer.m; sourceTree = "<group>"; };
		044E6BAA15EE096F005D3FDC /* ESRenderer.h */ = {isa = PBXFileReference; lastKnownFileType = sourcecode.c.h; name = ESRenderer.h; path = libs/cocos2d/Platforms/iOS/ESRenderer.h; sourceTree = "<group>"; };
		044E6BAB15EE096F005D3FDC /* glu.c */ = {isa = PBXFileReference; lastKnownFileType = sourcecode.c.c; name = glu.c; path = libs/cocos2d/Platforms/iOS/glu.c; sourceTree = "<group>"; };
		044E6BAD15EE096F005D3FDC /* glu.h */ = {isa = PBXFileReference; lastKnownFileType = sourcecode.c.h; name = glu.h; path = libs/cocos2d/Platforms/iOS/glu.h; sourceTree = "<group>"; };
		044E6BAF15EE096F005D3FDC /* CCDirectorMac.h */ = {isa = PBXFileReference; lastKnownFileType = sourcecode.c.h; name = CCDirectorMac.h; path = libs/cocos2d/Platforms/Mac/CCDirectorMac.h; sourceTree = "<group>"; };
		044E6BB015EE096F005D3FDC /* CCDirectorMac.m */ = {isa = PBXFileReference; lastKnownFileType = sourcecode.c.objc; name = CCDirectorMac.m; path = libs/cocos2d/Platforms/Mac/CCDirectorMac.m; sourceTree = "<group>"; };
		044E6BB215EE096F005D3FDC /* CCEventDispatcher.h */ = {isa = PBXFileReference; lastKnownFileType = sourcecode.c.h; name = CCEventDispatcher.h; path = libs/cocos2d/Platforms/Mac/CCEventDispatcher.h; sourceTree = "<group>"; };
		044E6BB315EE096F005D3FDC /* CCEventDispatcher.m */ = {isa = PBXFileReference; lastKnownFileType = sourcecode.c.objc; name = CCEventDispatcher.m; path = libs/cocos2d/Platforms/Mac/CCEventDispatcher.m; sourceTree = "<group>"; };
		044E6BB515EE096F005D3FDC /* MacGLView.h */ = {isa = PBXFileReference; lastKnownFileType = sourcecode.c.h; name = MacGLView.h; path = libs/cocos2d/Platforms/Mac/MacGLView.h; sourceTree = "<group>"; };
		044E6BB615EE096F005D3FDC /* MacGLView.m */ = {isa = PBXFileReference; lastKnownFileType = sourcecode.c.objc; name = MacGLView.m; path = libs/cocos2d/Platforms/Mac/MacGLView.m; sourceTree = "<group>"; };
		044E6BB815EE096F005D3FDC /* MacWindow.h */ = {isa = PBXFileReference; lastKnownFileType = sourcecode.c.h; name = MacWindow.h; path = libs/cocos2d/Platforms/Mac/MacWindow.h; sourceTree = "<group>"; };
		044E6BB915EE096F005D3FDC /* MacWindow.m */ = {isa = PBXFileReference; lastKnownFileType = sourcecode.c.objc; name = MacWindow.m; path = libs/cocos2d/Platforms/Mac/MacWindow.m; sourceTree = "<group>"; };
		044E6BBC15EE096F005D3FDC /* base64.c */ = {isa = PBXFileReference; lastKnownFileType = sourcecode.c.c; name = base64.c; path = libs/cocos2d/Support/base64.c; sourceTree = "<group>"; };
		044E6BBE15EE096F005D3FDC /* base64.h */ = {isa = PBXFileReference; lastKnownFileType = sourcecode.c.h; name = base64.h; path = libs/cocos2d/Support/base64.h; sourceTree = "<group>"; };
		044E6BBF15EE096F005D3FDC /* CCArray.h */ = {isa = PBXFileReference; lastKnownFileType = sourcecode.c.h; name = CCArray.h; path = libs/cocos2d/Support/CCArray.h; sourceTree = "<group>"; };
		044E6BC015EE096F005D3FDC /* CCArray.m */ = {isa = PBXFileReference; lastKnownFileType = sourcecode.c.objc; name = CCArray.m; path = libs/cocos2d/Support/CCArray.m; sourceTree = "<group>"; };
		044E6BC215EE096F005D3FDC /* ccCArray.h */ = {isa = PBXFileReference; lastKnownFileType = sourcecode.c.h; name = ccCArray.h; path = libs/cocos2d/Support/ccCArray.h; sourceTree = "<group>"; };
		044E6BC315EE096F005D3FDC /* CCFileUtils.h */ = {isa = PBXFileReference; lastKnownFileType = sourcecode.c.h; name = CCFileUtils.h; path = libs/cocos2d/Support/CCFileUtils.h; sourceTree = "<group>"; };
		044E6BC415EE096F005D3FDC /* CCFileUtils.m */ = {isa = PBXFileReference; lastKnownFileType = sourcecode.c.objc; name = CCFileUtils.m; path = libs/cocos2d/Support/CCFileUtils.m; sourceTree = "<group>"; };
		044E6BC615EE096F005D3FDC /* CCProfiling.h */ = {isa = PBXFileReference; lastKnownFileType = sourcecode.c.h; name = CCProfiling.h; path = libs/cocos2d/Support/CCProfiling.h; sourceTree = "<group>"; };
		044E6BC715EE096F005D3FDC /* CCProfiling.m */ = {isa = PBXFileReference; lastKnownFileType = sourcecode.c.objc; name = CCProfiling.m; path = libs/cocos2d/Support/CCProfiling.m; sourceTree = "<group>"; };
		044E6BC915EE096F005D3FDC /* ccUtils.c */ = {isa = PBXFileReference; lastKnownFileType = sourcecode.c.c; name = ccUtils.c; path = libs/cocos2d/Support/ccUtils.c; sourceTree = "<group>"; };
		044E6BCB15EE096F005D3FDC /* ccUtils.h */ = {isa = PBXFileReference; lastKnownFileType = sourcecode.c.h; name = ccUtils.h; path = libs/cocos2d/Support/ccUtils.h; sourceTree = "<group>"; };
		044E6BCC15EE096F005D3FDC /* CGPointExtension.h */ = {isa = PBXFileReference; lastKnownFileType = sourcecode.c.h; name = CGPointExtension.h; path = libs/cocos2d/Support/CGPointExtension.h; sourceTree = "<group>"; };
		044E6BCD15EE096F005D3FDC /* CGPointExtension.m */ = {isa = PBXFileReference; lastKnownFileType = sourcecode.c.objc; name = CGPointExtension.m; path = libs/cocos2d/Support/CGPointExtension.m; sourceTree = "<group>"; };
		044E6BCF15EE096F005D3FDC /* OpenGL_Internal.h */ = {isa = PBXFileReference; lastKnownFileType = sourcecode.c.h; name = OpenGL_Internal.h; path = libs/cocos2d/Support/OpenGL_Internal.h; sourceTree = "<group>"; };
		044E6BD015EE096F005D3FDC /* TGAlib.h */ = {isa = PBXFileReference; lastKnownFileType = sourcecode.c.h; name = TGAlib.h; path = libs/cocos2d/Support/TGAlib.h; sourceTree = "<group>"; };
		044E6BD115EE096F005D3FDC /* TGAlib.m */ = {isa = PBXFileReference; lastKnownFileType = sourcecode.c.objc; name = TGAlib.m; path = libs/cocos2d/Support/TGAlib.m; sourceTree = "<group>"; };
		044E6BD315EE096F005D3FDC /* TransformUtils.h */ = {isa = PBXFileReference; lastKnownFileType = sourcecode.c.h; name = TransformUtils.h; path = libs/cocos2d/Support/TransformUtils.h; sourceTree = "<group>"; };
		044E6BD415EE096F005D3FDC /* TransformUtils.m */ = {isa = PBXFileReference; lastKnownFileType = sourcecode.c.objc; name = TransformUtils.m; path = libs/cocos2d/Support/TransformUtils.m; sourceTree = "<group>"; };
		044E6BD615EE096F005D3FDC /* uthash.h */ = {isa = PBXFileReference; lastKnownFileType = sourcecode.c.h; name = uthash.h; path = libs/cocos2d/Support/uthash.h; sourceTree = "<group>"; };
		044E6BD715EE096F005D3FDC /* utlist.h */ = {isa = PBXFileReference; lastKnownFileType = sourcecode.c.h; name = utlist.h; path = libs/cocos2d/Support/utlist.h; sourceTree = "<group>"; };
		044E6BD815EE096F005D3FDC /* ZipUtils.h */ = {isa = PBXFileReference; lastKnownFileType = sourcecode.c.h; name = ZipUtils.h; path = libs/cocos2d/Support/ZipUtils.h; sourceTree = "<group>"; };
		044E6BD915EE096F005D3FDC /* ZipUtils.m */ = {isa = PBXFileReference; lastKnownFileType = sourcecode.c.objc; name = ZipUtils.m; path = libs/cocos2d/Support/ZipUtils.m; sourceTree = "<group>"; };
		044E6BDB15EE096F005D3FDC /* LICENSE_cocos2d.txt */ = {isa = PBXFileReference; lastKnownFileType = text; name = LICENSE_cocos2d.txt; path = libs/LICENSE_cocos2d.txt; sourceTree = "<group>"; };
		044E6BDD15EE096F005D3FDC /* CDAudioManager.h */ = {isa = PBXFileReference; lastKnownFileType = sourcecode.c.h; name = CDAudioManager.h; path = libs/CocosDenshion/CDAudioManager.h; sourceTree = "<group>"; };
		044E6BDE15EE096F005D3FDC /* CDAudioManager.m */ = {isa = PBXFileReference; lastKnownFileType = sourcecode.c.objc; name = CDAudioManager.m; path = libs/CocosDenshion/CDAudioManager.m; sourceTree = "<group>"; };
		044E6BE015EE096F005D3FDC /* CDConfig.h */ = {isa = PBXFileReference; lastKnownFileType = sourcecode.c.h; name = CDConfig.h; path = libs/CocosDenshion/CDConfig.h; sourceTree = "<group>"; };
		044E6BE115EE096F005D3FDC /* CDOpenALSupport.h */ = {isa = PBXFileReference; lastKnownFileType = sourcecode.c.h; name = CDOpenALSupport.h; path = libs/CocosDenshion/CDOpenALSupport.h; sourceTree = "<group>"; };
		044E6BE215EE0970005D3FDC /* CDOpenALSupport.m */ = {isa = PBXFileReference; lastKnownFileType = sourcecode.c.objc; name = CDOpenALSupport.m; path = libs/CocosDenshion/CDOpenALSupport.m; sourceTree = "<group>"; };
		044E6BE415EE0970005D3FDC /* CocosDenshion.h */ = {isa = PBXFileReference; lastKnownFileType = sourcecode.c.h; name = CocosDenshion.h; path = libs/CocosDenshion/CocosDenshion.h; sourceTree = "<group>"; };
		044E6BE515EE0970005D3FDC /* CocosDenshion.m */ = {isa = PBXFileReference; lastKnownFileType = sourcecode.c.objc; name = CocosDenshion.m; path = libs/CocosDenshion/CocosDenshion.m; sourceTree = "<group>"; };
		044E6BE715EE0970005D3FDC /* SimpleAudioEngine.h */ = {isa = PBXFileReference; lastKnownFileType = sourcecode.c.h; name = SimpleAudioEngine.h; path = libs/CocosDenshion/SimpleAudioEngine.h; sourceTree = "<group>"; };
		044E6BE815EE0970005D3FDC /* SimpleAudioEngine.m */ = {isa = PBXFileReference; lastKnownFileType = sourcecode.c.objc; name = SimpleAudioEngine.m; path = libs/CocosDenshion/SimpleAudioEngine.m; sourceTree = "<group>"; };
		044E6BEA15EE0970005D3FDC /* LICENSE_CocosDenshion.txt */ = {isa = PBXFileReference; lastKnownFileType = text; name = LICENSE_CocosDenshion.txt; path = libs/LICENSE_CocosDenshion.txt; sourceTree = "<group>"; };
		044E6BEC15EE0970005D3FDC /* CLScoreServerPost.h */ = {isa = PBXFileReference; lastKnownFileType = sourcecode.c.h; name = CLScoreServerPost.h; path = libs/cocoslive/CLScoreServerPost.h; sourceTree = "<group>"; };
		044E6BED15EE0970005D3FDC /* CLScoreServerPost.m */ = {isa = PBXFileReference; lastKnownFileType = sourcecode.c.objc; name = CLScoreServerPost.m; path = libs/cocoslive/CLScoreServerPost.m; sourceTree = "<group>"; };
		044E6BEF15EE0970005D3FDC /* CLScoreServerRequest.h */ = {isa = PBXFileReference; lastKnownFileType = sourcecode.c.h; name = CLScoreServerRequest.h; path = libs/cocoslive/CLScoreServerRequest.h; sourceTree = "<group>"; };
		044E6BF015EE0970005D3FDC /* CLScoreServerRequest.m */ = {isa = PBXFileReference; lastKnownFileType = sourcecode.c.objc; name = CLScoreServerRequest.m; path = libs/cocoslive/CLScoreServerRequest.m; sourceTree = "<group>"; };
		044E6BF215EE0970005D3FDC /* cocoslive.h */ = {isa = PBXFileReference; lastKnownFileType = sourcecode.c.h; name = cocoslive.h; path = libs/cocoslive/cocoslive.h; sourceTree = "<group>"; };
		044E6BF315EE0970005D3FDC /* cocoslive.m */ = {isa = PBXFileReference; lastKnownFileType = sourcecode.c.objc; name = cocoslive.m; path = libs/cocoslive/cocoslive.m; sourceTree = "<group>"; };
		044E6BF515EE0970005D3FDC /* LICENSE_TouchJSON.txt */ = {isa = PBXFileReference; lastKnownFileType = text; name = LICENSE_TouchJSON.txt; path = libs/LICENSE_TouchJSON.txt; sourceTree = "<group>"; };
		044E6BF715EE0970005D3FDC /* CDataScanner.h */ = {isa = PBXFileReference; lastKnownFileType = sourcecode.c.h; name = CDataScanner.h; path = libs/TouchJSON/CDataScanner.h; sourceTree = "<group>"; };
		044E6BF815EE0970005D3FDC /* CDataScanner.m */ = {isa = PBXFileReference; lastKnownFileType = sourcecode.c.objc; name = CDataScanner.m; path = libs/TouchJSON/CDataScanner.m; sourceTree = "<group>"; };
		044E6BFB15EE0970005D3FDC /* CDataScanner_Extensions.h */ = {isa = PBXFileReference; lastKnownFileType = sourcecode.c.h; name = CDataScanner_Extensions.h; path = libs/TouchJSON/Extensions/CDataScanner_Extensions.h; sourceTree = "<group>"; };
		044E6BFC15EE0970005D3FDC /* CDataScanner_Extensions.m */ = {isa = PBXFileReference; lastKnownFileType = sourcecode.c.objc; name = CDataScanner_Extensions.m; path = libs/TouchJSON/Extensions/CDataScanner_Extensions.m; sourceTree = "<group>"; };
		044E6BFE15EE0970005D3FDC /* NSDictionary_JSONExtensions.h */ = {isa = PBXFileReference; lastKnownFileType = sourcecode.c.h; name = NSDictionary_JSONExtensions.h; path = libs/TouchJSON/Extensions/NSDictionary_JSONExtensions.h; sourceTree = "<group>"; };
		044E6BFF15EE0970005D3FDC /* NSDictionary_JSONExtensions.m */ = {isa = PBXFileReference; lastKnownFileType = sourcecode.c.objc; name = NSDictionary_JSONExtensions.m; path = libs/TouchJSON/Extensions/NSDictionary_JSONExtensions.m; sourceTree = "<group>"; };
		044E6C0215EE0970005D3FDC /* CJSONDeserializer.h */ = {isa = PBXFileReference; lastKnownFileType = sourcecode.c.h; name = CJSONDeserializer.h; path = libs/TouchJSON/JSON/CJSONDeserializer.h; sourceTree = "<group>"; };
		044E6C0315EE0970005D3FDC /* CJSONDeserializer.m */ = {isa = PBXFileReference; lastKnownFileType = sourcecode.c.objc; name = CJSONDeserializer.m; path = libs/TouchJSON/JSON/CJSONDeserializer.m; sourceTree = "<group>"; };
		044E6C0515EE0970005D3FDC /* CJSONScanner.h */ = {isa = PBXFileReference; lastKnownFileType = sourcecode.c.h; name = CJSONScanner.h; path = libs/TouchJSON/JSON/CJSONScanner.h; sourceTree = "<group>"; };
		044E6C0615EE0970005D3FDC /* CJSONScanner.m */ = {isa = PBXFileReference; lastKnownFileType = sourcecode.c.objc; name = CJSONScanner.m; path = libs/TouchJSON/JSON/CJSONScanner.m; sourceTree = "<group>"; };
		044E6C0815EE0970005D3FDC /* CJSONSerializer.h */ = {isa = PBXFileReference; lastKnownFileType = sourcecode.c.h; name = CJSONSerializer.h; path = libs/TouchJSON/JSON/CJSONSerializer.h; sourceTree = "<group>"; };
		044E6C0915EE0970005D3FDC /* CJSONSerializer.m */ = {isa = PBXFileReference; lastKnownFileType = sourcecode.c.objc; name = CJSONSerializer.m; path = libs/TouchJSON/JSON/CJSONSerializer.m; sourceTree = "<group>"; };
		044E6C0B15EE0970005D3FDC /* JSONRepresentation.h */ = {isa = PBXFileReference; lastKnownFileType = sourcecode.c.h; name = JSONRepresentation.h; path = libs/TouchJSON/JSON/JSONRepresentation.h; sourceTree = "<group>"; };
		044E6C0D15EE0970005D3FDC /* FontLabel.h */ = {isa = PBXFileReference; lastKnownFileType = sourcecode.c.h; name = FontLabel.h; path = libs/FontLabel/FontLabel.h; sourceTree = "<group>"; };
		044E6C0E15EE0970005D3FDC /* FontLabel.m */ = {isa = PBXFileReference; lastKnownFileType = sourcecode.c.objc; name = FontLabel.m; path = libs/FontLabel/FontLabel.m; sourceTree = "<group>"; };
		044E6C1015EE0970005D3FDC /* FontLabelStringDrawing.h */ = {isa = PBXFileReference; lastKnownFileType = sourcecode.c.h; name = FontLabelStringDrawing.h; path = libs/FontLabel/FontLabelStringDrawing.h; sourceTree = "<group>"; };
		044E6C1115EE0970005D3FDC /* FontLabelStringDrawing.m */ = {isa = PBXFileReference; lastKnownFileType = sourcecode.c.objc; name = FontLabelStringDrawing.m; path = libs/FontLabel/FontLabelStringDrawing.m; sourceTree = "<group>"; };
		044E6C1315EE0970005D3FDC /* FontManager.h */ = {isa = PBXFileReference; lastKnownFileType = sourcecode.c.h; name = FontManager.h; path = libs/FontLabel/FontManager.h; sourceTree = "<group>"; };
		044E6C1415EE0970005D3FDC /* FontManager.m */ = {isa = PBXFileReference; lastKnownFileType = sourcecode.c.objc; name = FontManager.m; path = libs/FontLabel/FontManager.m; sourceTree = "<group>"; };
		044E6C1615EE0970005D3FDC /* ZAttributedString.h */ = {isa = PBXFileReference; lastKnownFileType = sourcecode.c.h; name = ZAttributedString.h; path = libs/FontLabel/ZAttributedString.h; sourceTree = "<group>"; };
		044E6C1715EE0970005D3FDC /* ZAttributedString.m */ = {isa = PBXFileReference; lastKnownFileType = sourcecode.c.objc; name = ZAttributedString.m; path = libs/FontLabel/ZAttributedString.m; sourceTree = "<group>"; };
		044E6C1915EE0970005D3FDC /* ZAttributedStringPrivate.h */ = {isa = PBXFileReference; lastKnownFileType = sourcecode.c.h; name = ZAttributedStringPrivate.h; path = libs/FontLabel/ZAttributedStringPrivate.h; sourceTree = "<group>"; };
		044E6C1A15EE0970005D3FDC /* ZFont.h */ = {isa = PBXFileReference; lastKnownFileType = sourcecode.c.h; name = ZFont.h; path = libs/FontLabel/ZFont.h; sourceTree = "<group>"; };
		044E6C1B15EE0970005D3FDC /* ZFont.m */ = {isa = PBXFileReference; lastKnownFileType = sourcecode.c.objc; name = ZFont.m; path = libs/FontLabel/ZFont.m; sourceTree = "<group>"; };
		044E6C1D15EE0970005D3FDC /* LICENSE_FontLabel.txt */ = {isa = PBXFileReference; lastKnownFileType = text; name = LICENSE_FontLabel.txt; path = libs/LICENSE_FontLabel.txt; sourceTree = "<group>"; };
		044E6C1F15EE0970005D3FDC /* Prefix.pch */ = {isa = PBXFileReference; lastKnownFileType = sourcecode.c.h; path = Prefix.pch; sourceTree = "<group>"; };
		044E6C2015EE0970005D3FDC /* main.m */ = {isa = PBXFileReference; lastKnownFileType = sourcecode.c.objc; path = main.m; sourceTree = "<group>"; };
		044E6C2215EE0970005D3FDC /* AppDelegate.h */ = {isa = PBXFileReference; lastKnownFileType = sourcecode.c.h; path = AppDelegate.h; sourceTree = "<group>"; };
		044E6C2315EE0970005D3FDC /* AppDelegate.m */ = {isa = PBXFileReference; lastKnownFileType = sourcecode.c.objc; path = AppDelegate.m; sourceTree = "<group>"; };
		044E6C2515EE0970005D3FDC /* RootViewController.h */ = {isa = PBXFileReference; lastKnownFileType = sourcecode.c.h; path = RootViewController.h; sourceTree = "<group>"; };
		044E6C2615EE0970005D3FDC /* RootViewController.m */ = {isa = PBXFileReference; lastKnownFileType = sourcecode.c.objc; path = RootViewController.m; sourceTree = "<group>"; };
		044E6C2815EE0970005D3FDC /* HelloWorldLayer.h */ = {isa = PBXFileReference; lastKnownFileType = sourcecode.c.h; path = HelloWorldLayer.h; sourceTree = "<group>"; };
		044E6C2915EE0970005D3FDC /* HelloWorldLayer.m */ = {isa = PBXFileReference; lastKnownFileType = sourcecode.c.objc; path = HelloWorldLayer.m; sourceTree = "<group>"; };
		044E6C2B15EE0970005D3FDC /* GameConfig.h */ = {isa = PBXFileReference; lastKnownFileType = sourcecode.c.h; path = GameConfig.h; sourceTree = "<group>"; };
/* End PBXFileReference section */

/* Begin PBXFrameworksBuildPhase section */
		044E6AB615EE096E005D3FDC /* Frameworks */ = {
			isa = PBXFrameworksBuildPhase;
			buildActionMask = 2147483647;
			files = (
				044E6ABE15EE096E005D3FDC /* QuartzCore.framework in Frameworks */,
				044E6AC015EE096E005D3FDC /* OpenGLES.framework in Frameworks */,
				044E6AC215EE096E005D3FDC /* OpenAL.framework in Frameworks */,
				044E6AC415EE096E005D3FDC /* AudioToolbox.framework in Frameworks */,
				044E6AC615EE096E005D3FDC /* AVFoundation.framework in Frameworks */,
				044E6AC815EE096E005D3FDC /* UIKit.framework in Frameworks */,
				044E6ACA15EE096E005D3FDC /* Foundation.framework in Frameworks */,
				044E6ACC15EE096E005D3FDC /* CoreGraphics.framework in Frameworks */,
			);
			runOnlyForDeploymentPostprocessing = 0;
		};
/* End PBXFrameworksBuildPhase section */

/* Begin PBXGroup section */
		044E6AAE15EE096E005D3FDC = {
			isa = PBXGroup;
			children = (
				044E6ACD15EE096E005D3FDC /* Hello Daddy */,
				044E6ABC15EE096E005D3FDC /* Frameworks */,
				044E6ABA15EE096E005D3FDC /* Products */,
			);
			sourceTree = "<group>";
		};
		044E6ABA15EE096E005D3FDC /* Products */ = {
			isa = PBXGroup;
			children = (
				044E6AB915EE096E005D3FDC /* Hello Daddy.app */,
			);
			name = Products;
			sourceTree = "<group>";
		};
		044E6ABC15EE096E005D3FDC /* Frameworks */ = {
			isa = PBXGroup;
			children = (
				044E6ABD15EE096E005D3FDC /* QuartzCore.framework */,
				044E6ABF15EE096E005D3FDC /* OpenGLES.framework */,
				044E6AC115EE096E005D3FDC /* OpenAL.framework */,
				044E6AC315EE096E005D3FDC /* AudioToolbox.framework */,
				044E6AC515EE096E005D3FDC /* AVFoundation.framework */,
				044E6AC715EE096E005D3FDC /* UIKit.framework */,
				044E6AC915EE096E005D3FDC /* Foundation.framework */,
				044E6ACB15EE096E005D3FDC /* CoreGraphics.framework */,
			);
			name = Frameworks;
			sourceTree = "<group>";
		};
		044E6ACD15EE096E005D3FDC /* Hello Daddy */ = {
			isa = PBXGroup;
			children = (
				044E6C2215EE0970005D3FDC /* AppDelegate.h */,
				044E6C2315EE0970005D3FDC /* AppDelegate.m */,
				044E6C2515EE0970005D3FDC /* RootViewController.h */,
				044E6C2615EE0970005D3FDC /* RootViewController.m */,
				044E6C2815EE0970005D3FDC /* HelloWorldLayer.h */,
				044E6C2915EE0970005D3FDC /* HelloWorldLayer.m */,
				044E6C2B15EE0970005D3FDC /* GameConfig.h */,
				044E6ACE15EE096E005D3FDC /* Resources */,
				044E6AE215EE096E005D3FDC /* libs */,
				044E6C1E15EE0970005D3FDC /* Supporting Files */,
			);
			path = "Hello Daddy";
			sourceTree = "<group>";
		};
		044E6ACE15EE096E005D3FDC /* Resources */ = {
			isa = PBXGroup;
			children = (
				044E6ACF15EE096E005D3FDC /* Default.png */,
				044E6AD115EE096E005D3FDC /* fps_images.png */,
				044E6AD315EE096E005D3FDC /* Icon-72.png */,
				044E6AD515EE096E005D3FDC /* Icon-Small-50.png */,
				044E6AD715EE096E005D3FDC /* Icon-Small.png */,
				044E6AD915EE096E005D3FDC /* Icon-Small@2x.png */,
				044E6ADB15EE096E005D3FDC /* Icon.png */,
				044E6ADD15EE096E005D3FDC /* Icon@2x.png */,
				044E6ADF15EE096E005D3FDC /* Info.plist */,
				044E6AE015EE096E005D3FDC /* iTunesArtwork */,
			);
			name = Resources;
			sourceTree = "<group>";
		};
		044E6AE215EE096E005D3FDC /* libs */ = {
			isa = PBXGroup;
			children = (
				044E6BDB15EE096F005D3FDC /* LICENSE_cocos2d.txt */,
				044E6BEA15EE0970005D3FDC /* LICENSE_CocosDenshion.txt */,
				044E6BF515EE0970005D3FDC /* LICENSE_TouchJSON.txt */,
				044E6C1D15EE0970005D3FDC /* LICENSE_FontLabel.txt */,
				044E6AE315EE096E005D3FDC /* cocos2d */,
				044E6BDC15EE096F005D3FDC /* CocosDenshion */,
				044E6BEB15EE0970005D3FDC /* cocoslive */,
				044E6BF615EE0970005D3FDC /* TouchJSON */,
				044E6C0C15EE0970005D3FDC /* FontLabel */,
			);
			name = libs;
			sourceTree = "<group>";
		};
		044E6AE315EE096E005D3FDC /* cocos2d */ = {
			isa = PBXGroup;
			children = (
				044E6AE415EE096E005D3FDC /* CCAction.h */,
				044E6AE515EE096E005D3FDC /* CCAction.m */,
				044E6AE715EE096E005D3FDC /* CCActionCamera.h */,
				044E6AE815EE096E005D3FDC /* CCActionCamera.m */,
				044E6AEA15EE096E005D3FDC /* CCActionEase.h */,
				044E6AEB15EE096E005D3FDC /* CCActionEase.m */,
				044E6AED15EE096E005D3FDC /* CCActionGrid.h */,
				044E6AEE15EE096E005D3FDC /* CCActionGrid.m */,
				044E6AF015EE096E005D3FDC /* CCActionGrid3D.h */,
				044E6AF115EE096E005D3FDC /* CCActionGrid3D.m */,
				044E6AF315EE096E005D3FDC /* CCActionInstant.h */,
				044E6AF415EE096E005D3FDC /* CCActionInstant.m */,
				044E6AF615EE096E005D3FDC /* CCActionInterval.h */,
				044E6AF715EE096E005D3FDC /* CCActionInterval.m */,
				044E6AF915EE096E005D3FDC /* CCActionManager.h */,
				044E6AFA15EE096E005D3FDC /* CCActionManager.m */,
				044E6AFC15EE096E005D3FDC /* CCActionPageTurn3D.h */,
				044E6AFD15EE096E005D3FDC /* CCActionPageTurn3D.m */,
				044E6AFF15EE096E005D3FDC /* CCActionProgressTimer.h */,
				044E6B0015EE096E005D3FDC /* CCActionProgressTimer.m */,
				044E6B0215EE096E005D3FDC /* CCActionTiledGrid.h */,
				044E6B0315EE096E005D3FDC /* CCActionTiledGrid.m */,
				044E6B0515EE096E005D3FDC /* CCActionTween.h */,
				044E6B0615EE096E005D3FDC /* CCActionTween.m */,
				044E6B0815EE096E005D3FDC /* CCAnimation.h */,
				044E6B0915EE096E005D3FDC /* CCAnimation.m */,
				044E6B0B15EE096E005D3FDC /* CCAnimationCache.h */,
				044E6B0C15EE096E005D3FDC /* CCAnimationCache.m */,
				044E6B0E15EE096E005D3FDC /* CCAtlasNode.h */,
				044E6B0F15EE096E005D3FDC /* CCAtlasNode.m */,
				044E6B1115EE096E005D3FDC /* CCBlockSupport.h */,
				044E6B1215EE096E005D3FDC /* CCBlockSupport.m */,
				044E6B1415EE096E005D3FDC /* CCCamera.h */,
				044E6B1515EE096E005D3FDC /* CCCamera.m */,
				044E6B1715EE096E005D3FDC /* ccConfig.h */,
				044E6B1815EE096E005D3FDC /* CCConfiguration.h */,
				044E6B1915EE096E005D3FDC /* CCConfiguration.m */,
				044E6B1B15EE096E005D3FDC /* CCDirector.h */,
				044E6B1C15EE096E005D3FDC /* CCDirector.m */,
				044E6B1E15EE096E005D3FDC /* CCDrawingPrimitives.h */,
				044E6B1F15EE096E005D3FDC /* CCDrawingPrimitives.m */,
				044E6B2115EE096E005D3FDC /* CCGrabber.h */,
				044E6B2215EE096E005D3FDC /* CCGrabber.m */,
				044E6B2415EE096E005D3FDC /* CCGrid.h */,
				044E6B2515EE096E005D3FDC /* CCGrid.m */,
				044E6B2715EE096E005D3FDC /* CCLabelAtlas.h */,
				044E6B2815EE096E005D3FDC /* CCLabelAtlas.m */,
				044E6B2A15EE096E005D3FDC /* CCLabelBMFont.h */,
				044E6B2B15EE096E005D3FDC /* CCLabelBMFont.m */,
				044E6B2D15EE096E005D3FDC /* CCLabelTTF.h */,
				044E6B2E15EE096E005D3FDC /* CCLabelTTF.m */,
				044E6B3015EE096E005D3FDC /* CCLayer.h */,
				044E6B3115EE096E005D3FDC /* CCLayer.m */,
				044E6B3315EE096E005D3FDC /* ccMacros.h */,
				044E6B3415EE096E005D3FDC /* CCMenu.h */,
				044E6B3515EE096E005D3FDC /* CCMenu.m */,
				044E6B3715EE096E005D3FDC /* CCMenuItem.h */,
				044E6B3815EE096E005D3FDC /* CCMenuItem.m */,
				044E6B3A15EE096E005D3FDC /* CCMotionStreak.h */,
				044E6B3B15EE096E005D3FDC /* CCMotionStreak.m */,
				044E6B3D15EE096E005D3FDC /* CCNode.h */,
				044E6B3E15EE096E005D3FDC /* CCNode.m */,
				044E6B4015EE096E005D3FDC /* CCParallaxNode.h */,
				044E6B4115EE096E005D3FDC /* CCParallaxNode.m */,
				044E6B4315EE096E005D3FDC /* CCParticleBatchNode.h */,
				044E6B4415EE096E005D3FDC /* CCParticleBatchNode.m */,
				044E6B4615EE096F005D3FDC /* CCParticleExamples.h */,
				044E6B4715EE096F005D3FDC /* CCParticleExamples.m */,
				044E6B4915EE096F005D3FDC /* CCParticleSystem.h */,
				044E6B4A15EE096F005D3FDC /* CCParticleSystem.m */,
				044E6B4C15EE096F005D3FDC /* CCParticleSystemPoint.h */,
				044E6B4D15EE096F005D3FDC /* CCParticleSystemPoint.m */,
				044E6B4F15EE096F005D3FDC /* CCParticleSystemQuad.h */,
				044E6B5015EE096F005D3FDC /* CCParticleSystemQuad.m */,
				044E6B5215EE096F005D3FDC /* CCProgressTimer.h */,
				044E6B5315EE096F005D3FDC /* CCProgressTimer.m */,
				044E6B5515EE096F005D3FDC /* CCProtocols.h */,
				044E6B5615EE096F005D3FDC /* CCRenderTexture.h */,
				044E6B5715EE096F005D3FDC /* CCRenderTexture.m */,
				044E6B5915EE096F005D3FDC /* CCRibbon.h */,
				044E6B5A15EE096F005D3FDC /* CCRibbon.m */,
				044E6B5C15EE096F005D3FDC /* CCScene.h */,
				044E6B5D15EE096F005D3FDC /* CCScene.m */,
				044E6B5F15EE096F005D3FDC /* CCScheduler.h */,
				044E6B6015EE096F005D3FDC /* CCScheduler.m */,
				044E6B6215EE096F005D3FDC /* CCSprite.h */,
				044E6B6315EE096F005D3FDC /* CCSprite.m */,
				044E6B6515EE096F005D3FDC /* CCSpriteBatchNode.h */,
				044E6B6615EE096F005D3FDC /* CCSpriteBatchNode.m */,
				044E6B6815EE096F005D3FDC /* CCSpriteFrame.h */,
				044E6B6915EE096F005D3FDC /* CCSpriteFrame.m */,
				044E6B6B15EE096F005D3FDC /* CCSpriteFrameCache.h */,
				044E6B6C15EE096F005D3FDC /* CCSpriteFrameCache.m */,
				044E6B6E15EE096F005D3FDC /* CCTexture2D.h */,
				044E6B6F15EE096F005D3FDC /* CCTexture2D.m */,
				044E6B7115EE096F005D3FDC /* CCTextureAtlas.h */,
				044E6B7215EE096F005D3FDC /* CCTextureAtlas.m */,
				044E6B7415EE096F005D3FDC /* CCTextureCache.h */,
				044E6B7515EE096F005D3FDC /* CCTextureCache.m */,
				044E6B7715EE096F005D3FDC /* CCTexturePVR.h */,
				044E6B7815EE096F005D3FDC /* CCTexturePVR.m */,
				044E6B7A15EE096F005D3FDC /* CCTileMapAtlas.h */,
				044E6B7B15EE096F005D3FDC /* CCTileMapAtlas.m */,
				044E6B7D15EE096F005D3FDC /* CCTMXLayer.h */,
				044E6B7E15EE096F005D3FDC /* CCTMXLayer.m */,
				044E6B8015EE096F005D3FDC /* CCTMXObjectGroup.h */,
				044E6B8115EE096F005D3FDC /* CCTMXObjectGroup.m */,
				044E6B8315EE096F005D3FDC /* CCTMXTiledMap.h */,
				044E6B8415EE096F005D3FDC /* CCTMXTiledMap.m */,
				044E6B8615EE096F005D3FDC /* CCTMXXMLParser.h */,
				044E6B8715EE096F005D3FDC /* CCTMXXMLParser.m */,
				044E6B8915EE096F005D3FDC /* CCTransition.h */,
				044E6B8A15EE096F005D3FDC /* CCTransition.m */,
				044E6B8C15EE096F005D3FDC /* CCTransitionPageTurn.h */,
				044E6B8D15EE096F005D3FDC /* CCTransitionPageTurn.m */,
				044E6B8F15EE096F005D3FDC /* CCTransitionRadial.h */,
				044E6B9015EE096F005D3FDC /* CCTransitionRadial.m */,
				044E6B9215EE096F005D3FDC /* ccTypes.h */,
				044E6B9315EE096F005D3FDC /* cocos2d.h */,
				044E6B9415EE096F005D3FDC /* cocos2d.m */,
				044E6B9615EE096F005D3FDC /* Platforms */,
				044E6BBB15EE096F005D3FDC /* Support */,
			);
			name = cocos2d;
			sourceTree = "<group>";
		};
		044E6B9615EE096F005D3FDC /* Platforms */ = {
			isa = PBXGroup;
			children = (
				044E6B9715EE096F005D3FDC /* CCGL.h */,
				044E6B9815EE096F005D3FDC /* CCNS.h */,
				044E6B9915EE096F005D3FDC /* iOS */,
				044E6BAE15EE096F005D3FDC /* Mac */,
			);
			name = Platforms;
			sourceTree = "<group>";
		};
		044E6B9915EE096F005D3FDC /* iOS */ = {
			isa = PBXGroup;
			children = (
				044E6B9A15EE096F005D3FDC /* CCDirectorIOS.h */,
				044E6B9B15EE096F005D3FDC /* CCDirectorIOS.m */,
				044E6B9D15EE096F005D3FDC /* CCTouchDelegateProtocol.h */,
				044E6B9E15EE096F005D3FDC /* CCTouchDispatcher.h */,
				044E6B9F15EE096F005D3FDC /* CCTouchDispatcher.m */,
				044E6BA115EE096F005D3FDC /* CCTouchHandler.h */,
				044E6BA215EE096F005D3FDC /* CCTouchHandler.m */,
				044E6BA415EE096F005D3FDC /* EAGLView.h */,
				044E6BA515EE096F005D3FDC /* EAGLView.m */,
				044E6BA715EE096F005D3FDC /* ES1Renderer.h */,
				044E6BA815EE096F005D3FDC /* ES1Renderer.m */,
				044E6BAA15EE096F005D3FDC /* ESRenderer.h */,
				044E6BAB15EE096F005D3FDC /* glu.c */,
				044E6BAD15EE096F005D3FDC /* glu.h */,
			);
			name = iOS;
			sourceTree = "<group>";
		};
		044E6BAE15EE096F005D3FDC /* Mac */ = {
			isa = PBXGroup;
			children = (
				044E6BAF15EE096F005D3FDC /* CCDirectorMac.h */,
				044E6BB015EE096F005D3FDC /* CCDirectorMac.m */,
				044E6BB215EE096F005D3FDC /* CCEventDispatcher.h */,
				044E6BB315EE096F005D3FDC /* CCEventDispatcher.m */,
				044E6BB515EE096F005D3FDC /* MacGLView.h */,
				044E6BB615EE096F005D3FDC /* MacGLView.m */,
				044E6BB815EE096F005D3FDC /* MacWindow.h */,
				044E6BB915EE096F005D3FDC /* MacWindow.m */,
			);
			name = Mac;
			sourceTree = "<group>";
		};
		044E6BBB15EE096F005D3FDC /* Support */ = {
			isa = PBXGroup;
			children = (
				044E6BBC15EE096F005D3FDC /* base64.c */,
				044E6BBE15EE096F005D3FDC /* base64.h */,
				044E6BBF15EE096F005D3FDC /* CCArray.h */,
				044E6BC015EE096F005D3FDC /* CCArray.m */,
				044E6BC215EE096F005D3FDC /* ccCArray.h */,
				044E6BC315EE096F005D3FDC /* CCFileUtils.h */,
				044E6BC415EE096F005D3FDC /* CCFileUtils.m */,
				044E6BC615EE096F005D3FDC /* CCProfiling.h */,
				044E6BC715EE096F005D3FDC /* CCProfiling.m */,
				044E6BC915EE096F005D3FDC /* ccUtils.c */,
				044E6BCB15EE096F005D3FDC /* ccUtils.h */,
				044E6BCC15EE096F005D3FDC /* CGPointExtension.h */,
				044E6BCD15EE096F005D3FDC /* CGPointExtension.m */,
				044E6BCF15EE096F005D3FDC /* OpenGL_Internal.h */,
				044E6BD015EE096F005D3FDC /* TGAlib.h */,
				044E6BD115EE096F005D3FDC /* TGAlib.m */,
				044E6BD315EE096F005D3FDC /* TransformUtils.h */,
				044E6BD415EE096F005D3FDC /* TransformUtils.m */,
				044E6BD615EE096F005D3FDC /* uthash.h */,
				044E6BD715EE096F005D3FDC /* utlist.h */,
				044E6BD815EE096F005D3FDC /* ZipUtils.h */,
				044E6BD915EE096F005D3FDC /* ZipUtils.m */,
			);
			name = Support;
			sourceTree = "<group>";
		};
		044E6BDC15EE096F005D3FDC /* CocosDenshion */ = {
			isa = PBXGroup;
			children = (
				044E6BDD15EE096F005D3FDC /* CDAudioManager.h */,
				044E6BDE15EE096F005D3FDC /* CDAudioManager.m */,
				044E6BE015EE096F005D3FDC /* CDConfig.h */,
				044E6BE115EE096F005D3FDC /* CDOpenALSupport.h */,
				044E6BE215EE0970005D3FDC /* CDOpenALSupport.m */,
				044E6BE415EE0970005D3FDC /* CocosDenshion.h */,
				044E6BE515EE0970005D3FDC /* CocosDenshion.m */,
				044E6BE715EE0970005D3FDC /* SimpleAudioEngine.h */,
				044E6BE815EE0970005D3FDC /* SimpleAudioEngine.m */,
			);
			name = CocosDenshion;
			sourceTree = "<group>";
		};
		044E6BEB15EE0970005D3FDC /* cocoslive */ = {
			isa = PBXGroup;
			children = (
				044E6BEC15EE0970005D3FDC /* CLScoreServerPost.h */,
				044E6BED15EE0970005D3FDC /* CLScoreServerPost.m */,
				044E6BEF15EE0970005D3FDC /* CLScoreServerRequest.h */,
				044E6BF015EE0970005D3FDC /* CLScoreServerRequest.m */,
				044E6BF215EE0970005D3FDC /* cocoslive.h */,
				044E6BF315EE0970005D3FDC /* cocoslive.m */,
			);
			name = cocoslive;
			sourceTree = "<group>";
		};
		044E6BF615EE0970005D3FDC /* TouchJSON */ = {
			isa = PBXGroup;
			children = (
				044E6BF715EE0970005D3FDC /* CDataScanner.h */,
				044E6BF815EE0970005D3FDC /* CDataScanner.m */,
				044E6BFA15EE0970005D3FDC /* Extensions */,
				044E6C0115EE0970005D3FDC /* JSON */,
			);
			name = TouchJSON;
			sourceTree = "<group>";
		};
		044E6BFA15EE0970005D3FDC /* Extensions */ = {
			isa = PBXGroup;
			children = (
				044E6BFB15EE0970005D3FDC /* CDataScanner_Extensions.h */,
				044E6BFC15EE0970005D3FDC /* CDataScanner_Extensions.m */,
				044E6BFE15EE0970005D3FDC /* NSDictionary_JSONExtensions.h */,
				044E6BFF15EE0970005D3FDC /* NSDictionary_JSONExtensions.m */,
			);
			name = Extensions;
			sourceTree = "<group>";
		};
		044E6C0115EE0970005D3FDC /* JSON */ = {
			isa = PBXGroup;
			children = (
				044E6C0215EE0970005D3FDC /* CJSONDeserializer.h */,
				044E6C0315EE0970005D3FDC /* CJSONDeserializer.m */,
				044E6C0515EE0970005D3FDC /* CJSONScanner.h */,
				044E6C0615EE0970005D3FDC /* CJSONScanner.m */,
				044E6C0815EE0970005D3FDC /* CJSONSerializer.h */,
				044E6C0915EE0970005D3FDC /* CJSONSerializer.m */,
				044E6C0B15EE0970005D3FDC /* JSONRepresentation.h */,
			);
			name = JSON;
			sourceTree = "<group>";
		};
		044E6C0C15EE0970005D3FDC /* FontLabel */ = {
			isa = PBXGroup;
			children = (
				044E6C0D15EE0970005D3FDC /* FontLabel.h */,
				044E6C0E15EE0970005D3FDC /* FontLabel.m */,
				044E6C1015EE0970005D3FDC /* FontLabelStringDrawing.h */,
				044E6C1115EE0970005D3FDC /* FontLabelStringDrawing.m */,
				044E6C1315EE0970005D3FDC /* FontManager.h */,
				044E6C1415EE0970005D3FDC /* FontManager.m */,
				044E6C1615EE0970005D3FDC /* ZAttributedString.h */,
				044E6C1715EE0970005D3FDC /* ZAttributedString.m */,
				044E6C1915EE0970005D3FDC /* ZAttributedStringPrivate.h */,
				044E6C1A15EE0970005D3FDC /* ZFont.h */,
				044E6C1B15EE0970005D3FDC /* ZFont.m */,
			);
			name = FontLabel;
			sourceTree = "<group>";
		};
		044E6C1E15EE0970005D3FDC /* Supporting Files */ = {
			isa = PBXGroup;
			children = (
				044E6C1F15EE0970005D3FDC /* Prefix.pch */,
				044E6C2015EE0970005D3FDC /* main.m */,
			);
			name = "Supporting Files";
			sourceTree = "<group>";
		};
/* End PBXGroup section */

/* Begin PBXNativeTarget section */
		044E6AB815EE096E005D3FDC /* Hello Daddy */ = {
			isa = PBXNativeTarget;
			buildConfigurationList = 044E6C2E15EE0970005D3FDC /* Build configuration list for PBXNativeTarget "Hello Daddy" */;
			buildPhases = (
				044E6AB515EE096E005D3FDC /* Sources */,
				044E6AB615EE096E005D3FDC /* Frameworks */,
				044E6AB715EE096E005D3FDC /* Resources */,
			);
			buildRules = (
			);
			dependencies = (
			);
			name = "Hello Daddy";
			productName = "Hello Daddy";
			productReference = 044E6AB915EE096E005D3FDC /* Hello Daddy.app */;
			productType = "com.apple.product-type.application";
		};
/* End PBXNativeTarget section */

/* Begin PBXProject section */
		044E6AB015EE096E005D3FDC /* Project object */ = {
			isa = PBXProject;
			attributes = {
				LastUpgradeCheck = 0440;
			};
			buildConfigurationList = 044E6AB315EE096E005D3FDC /* Build configuration list for PBXProject "Hello Daddy" */;
			compatibilityVersion = "Xcode 3.2";
			developmentRegion = English;
			hasScannedForEncodings = 0;
			knownRegions = (
				en,
			);
			mainGroup = 044E6AAE15EE096E005D3FDC;
			productRefGroup = 044E6ABA15EE096E005D3FDC /* Products */;
			projectDirPath = "";
			projectRoot = "";
			targets = (
				044E6AB815EE096E005D3FDC /* Hello Daddy */,
			);
		};
/* End PBXProject section */

/* Begin PBXResourcesBuildPhase section */
		044E6AB715EE096E005D3FDC /* Resources */ = {
			isa = PBXResourcesBuildPhase;
			buildActionMask = 2147483647;
			files = (
				044E6AD015EE096E005D3FDC /* Default.png in Resources */,
				044E6AD215EE096E005D3FDC /* fps_images.png in Resources */,
				044E6AD415EE096E005D3FDC /* Icon-72.png in Resources */,
				044E6AD615EE096E005D3FDC /* Icon-Small-50.png in Resources */,
				044E6AD815EE096E005D3FDC /* Icon-Small.png in Resources */,
				044E6ADA15EE096E005D3FDC /* Icon-Small@2x.png in Resources */,
				044E6ADC15EE096E005D3FDC /* Icon.png in Resources */,
				044E6ADE15EE096E005D3FDC /* Icon@2x.png in Resources */,
				044E6AE115EE096E005D3FDC /* iTunesArtwork in Resources */,
			);
			runOnlyForDeploymentPostprocessing = 0;
		};
/* End PBXResourcesBuildPhase section */

/* Begin PBXSourcesBuildPhase section */
		044E6AB515EE096E005D3FDC /* Sources */ = {
			isa = PBXSourcesBuildPhase;
			buildActionMask = 2147483647;
			files = (
				044E6AE615EE096E005D3FDC /* CCAction.m in Sources */,
				044E6AE915EE096E005D3FDC /* CCActionCamera.m in Sources */,
				044E6AEC15EE096E005D3FDC /* CCActionEase.m in Sources */,
				044E6AEF15EE096E005D3FDC /* CCActionGrid.m in Sources */,
				044E6AF215EE096E005D3FDC /* CCActionGrid3D.m in Sources */,
				044E6AF515EE096E005D3FDC /* CCActionInstant.m in Sources */,
				044E6AF815EE096E005D3FDC /* CCActionInterval.m in Sources */,
				044E6AFB15EE096E005D3FDC /* CCActionManager.m in Sources */,
				044E6AFE15EE096E005D3FDC /* CCActionPageTurn3D.m in Sources */,
				044E6B0115EE096E005D3FDC /* CCActionProgressTimer.m in Sources */,
				044E6B0415EE096E005D3FDC /* CCActionTiledGrid.m in Sources */,
				044E6B0715EE096E005D3FDC /* CCActionTween.m in Sources */,
				044E6B0A15EE096E005D3FDC /* CCAnimation.m in Sources */,
				044E6B0D15EE096E005D3FDC /* CCAnimationCache.m in Sources */,
				044E6B1015EE096E005D3FDC /* CCAtlasNode.m in Sources */,
				044E6B1315EE096E005D3FDC /* CCBlockSupport.m in Sources */,
				044E6B1615EE096E005D3FDC /* CCCamera.m in Sources */,
				044E6B1A15EE096E005D3FDC /* CCConfiguration.m in Sources */,
				044E6B1D15EE096E005D3FDC /* CCDirector.m in Sources */,
				044E6B2015EE096E005D3FDC /* CCDrawingPrimitives.m in Sources */,
				044E6B2315EE096E005D3FDC /* CCGrabber.m in Sources */,
				044E6B2615EE096E005D3FDC /* CCGrid.m in Sources */,
				044E6B2915EE096E005D3FDC /* CCLabelAtlas.m in Sources */,
				044E6B2C15EE096E005D3FDC /* CCLabelBMFont.m in Sources */,
				044E6B2F15EE096E005D3FDC /* CCLabelTTF.m in Sources */,
				044E6B3215EE096E005D3FDC /* CCLayer.m in Sources */,
				044E6B3615EE096E005D3FDC /* CCMenu.m in Sources */,
				044E6B3915EE096E005D3FDC /* CCMenuItem.m in Sources */,
				044E6B3C15EE096E005D3FDC /* CCMotionStreak.m in Sources */,
				044E6B3F15EE096E005D3FDC /* CCNode.m in Sources */,
				044E6B4215EE096E005D3FDC /* CCParallaxNode.m in Sources */,
				044E6B4515EE096F005D3FDC /* CCParticleBatchNode.m in Sources */,
				044E6B4815EE096F005D3FDC /* CCParticleExamples.m in Sources */,
				044E6B4B15EE096F005D3FDC /* CCParticleSystem.m in Sources */,
				044E6B4E15EE096F005D3FDC /* CCParticleSystemPoint.m in Sources */,
				044E6B5115EE096F005D3FDC /* CCParticleSystemQuad.m in Sources */,
				044E6B5415EE096F005D3FDC /* CCProgressTimer.m in Sources */,
				044E6B5815EE096F005D3FDC /* CCRenderTexture.m in Sources */,
				044E6B5B15EE096F005D3FDC /* CCRibbon.m in Sources */,
				044E6B5E15EE096F005D3FDC /* CCScene.m in Sources */,
				044E6B6115EE096F005D3FDC /* CCScheduler.m in Sources */,
				044E6B6415EE096F005D3FDC /* CCSprite.m in Sources */,
				044E6B6715EE096F005D3FDC /* CCSpriteBatchNode.m in Sources */,
				044E6B6A15EE096F005D3FDC /* CCSpriteFrame.m in Sources */,
				044E6B6D15EE096F005D3FDC /* CCSpriteFrameCache.m in Sources */,
				044E6B7015EE096F005D3FDC /* CCTexture2D.m in Sources */,
				044E6B7315EE096F005D3FDC /* CCTextureAtlas.m in Sources */,
				044E6B7615EE096F005D3FDC /* CCTextureCache.m in Sources */,
				044E6B7915EE096F005D3FDC /* CCTexturePVR.m in Sources */,
				044E6B7C15EE096F005D3FDC /* CCTileMapAtlas.m in Sources */,
				044E6B7F15EE096F005D3FDC /* CCTMXLayer.m in Sources */,
				044E6B8215EE096F005D3FDC /* CCTMXObjectGroup.m in Sources */,
				044E6B8515EE096F005D3FDC /* CCTMXTiledMap.m in Sources */,
				044E6B8815EE096F005D3FDC /* CCTMXXMLParser.m in Sources */,
				044E6B8B15EE096F005D3FDC /* CCTransition.m in Sources */,
				044E6B8E15EE096F005D3FDC /* CCTransitionPageTurn.m in Sources */,
				044E6B9115EE096F005D3FDC /* CCTransitionRadial.m in Sources */,
				044E6B9515EE096F005D3FDC /* cocos2d.m in Sources */,
				044E6B9C15EE096F005D3FDC /* CCDirectorIOS.m in Sources */,
				044E6BA015EE096F005D3FDC /* CCTouchDispatcher.m in Sources */,
				044E6BA315EE096F005D3FDC /* CCTouchHandler.m in Sources */,
				044E6BA615EE096F005D3FDC /* EAGLView.m in Sources */,
				044E6BA915EE096F005D3FDC /* ES1Renderer.m in Sources */,
				044E6BAC15EE096F005D3FDC /* glu.c in Sources */,
				044E6BB115EE096F005D3FDC /* CCDirectorMac.m in Sources */,
				044E6BB415EE096F005D3FDC /* CCEventDispatcher.m in Sources */,
				044E6BB715EE096F005D3FDC /* MacGLView.m in Sources */,
				044E6BBA15EE096F005D3FDC /* MacWindow.m in Sources */,
				044E6BBD15EE096F005D3FDC /* base64.c in Sources */,
				044E6BC115EE096F005D3FDC /* CCArray.m in Sources */,
				044E6BC515EE096F005D3FDC /* CCFileUtils.m in Sources */,
				044E6BC815EE096F005D3FDC /* CCProfiling.m in Sources */,
				044E6BCA15EE096F005D3FDC /* ccUtils.c in Sources */,
				044E6BCE15EE096F005D3FDC /* CGPointExtension.m in Sources */,
				044E6BD215EE096F005D3FDC /* TGAlib.m in Sources */,
				044E6BD515EE096F005D3FDC /* TransformUtils.m in Sources */,
				044E6BDA15EE096F005D3FDC /* ZipUtils.m in Sources */,
				044E6BDF15EE096F005D3FDC /* CDAudioManager.m in Sources */,
				044E6BE315EE0970005D3FDC /* CDOpenALSupport.m in Sources */,
				044E6BE615EE0970005D3FDC /* CocosDenshion.m in Sources */,
				044E6BE915EE0970005D3FDC /* SimpleAudioEngine.m in Sources */,
				044E6BEE15EE0970005D3FDC /* CLScoreServerPost.m in Sources */,
				044E6BF115EE0970005D3FDC /* CLScoreServerRequest.m in Sources */,
				044E6BF415EE0970005D3FDC /* cocoslive.m in Sources */,
				044E6BF915EE0970005D3FDC /* CDataScanner.m in Sources */,
				044E6BFD15EE0970005D3FDC /* CDataScanner_Extensions.m in Sources */,
				044E6C0015EE0970005D3FDC /* NSDictionary_JSONExtensions.m in Sources */,
				044E6C0415EE0970005D3FDC /* CJSONDeserializer.m in Sources */,
				044E6C0715EE0970005D3FDC /* CJSONScanner.m in Sources */,
				044E6C0A15EE0970005D3FDC /* CJSONSerializer.m in Sources */,
				044E6C0F15EE0970005D3FDC /* FontLabel.m in Sources */,
				044E6C1215EE0970005D3FDC /* FontLabelStringDrawing.m in Sources */,
				044E6C1515EE0970005D3FDC /* FontManager.m in Sources */,
				044E6C1815EE0970005D3FDC /* ZAttributedString.m in Sources */,
				044E6C1C15EE0970005D3FDC /* ZFont.m in Sources */,
				044E6C2115EE0970005D3FDC /* main.m in Sources */,
				044E6C2415EE0970005D3FDC /* AppDelegate.m in Sources */,
				044E6C2715EE0970005D3FDC /* RootViewController.m in Sources */,
				044E6C2A15EE0970005D3FDC /* HelloWorldLayer.m in Sources */,
			);
			runOnlyForDeploymentPostprocessing = 0;
		};
/* End PBXSourcesBuildPhase section */

/* Begin XCBuildConfiguration section */
		044E6C2C15EE0970005D3FDC /* Debug */ = {
			isa = XCBuildConfiguration;
			buildSettings = {
				ARCHS = "$(ARCHS_STANDARD_32_BIT)";
				"CODE_SIGN_IDENTITY[sdk=iphoneos*]" = "iPhone Developer";
				GCC_C_LANGUAGE_STANDARD = gnu99;
				GCC_OPTIMIZATION_LEVEL = 0;
				GCC_PREPROCESSOR_DEFINITIONS = (
					DEBUG,
					"COCOS2D_DEBUG=1",
				);
				GCC_SYMBOLS_PRIVATE_EXTERN = NO;
				GCC_VERSION = com.apple.compilers.llvmgcc42;
				GCC_WARN_ABOUT_RETURN_TYPE = YES;
				GCC_WARN_UNUSED_VARIABLE = YES;
				IPHONEOS_DEPLOYMENT_TARGET = 5.1;
				SDKROOT = iphoneos;
			};
			name = Debug;
		};
		044E6C2D15EE0970005D3FDC /* Release */ = {
			isa = XCBuildConfiguration;
			buildSettings = {
				ARCHS = "$(ARCHS_STANDARD_32_BIT)";
				"CODE_SIGN_IDENTITY[sdk=iphoneos*]" = "iPhone Developer";
				GCC_C_LANGUAGE_STANDARD = gnu99;
				GCC_PREPROCESSOR_DEFINITIONS = NDEBUG;
				GCC_VERSION = com.apple.compilers.llvmgcc42;
				GCC_WARN_ABOUT_RETURN_TYPE = YES;
				GCC_WARN_UNUSED_VARIABLE = YES;
				IPHONEOS_DEPLOYMENT_TARGET = 5.1;
				OTHER_CFLAGS = "-DNS_BLOCK_ASSERTIONS=1";
				SDKROOT = iphoneos;
			};
			name = Release;
		};
		044E6C2F15EE0970005D3FDC /* Debug */ = {
			isa = XCBuildConfiguration;
			buildSettings = {
				ALWAYS_SEARCH_USER_PATHS = NO;
				COPY_PHASE_STRIP = NO;
				GCC_DYNAMIC_NO_PIC = NO;
				GCC_PRECOMPILE_PREFIX_HEADER = YES;
				GCC_PREFIX_HEADER = "Hello Daddy/Prefix.pch";
				"GCC_THUMB_SUPPORT[arch=armv6]" = "";
				INFOPLIST_FILE = "Hello Daddy/Resources/Info.plist";
				OTHER_LDFLAGS = "-lz";
				PRODUCT_NAME = "$(TARGET_NAME)";
				WRAPPER_EXTENSION = app;
			};
			name = Debug;
		};
		044E6C3015EE0970005D3FDC /* Release */ = {
			isa = XCBuildConfiguration;
			buildSettings = {
				ALWAYS_SEARCH_USER_PATHS = NO;
				COPY_PHASE_STRIP = YES;
				GCC_PRECOMPILE_PREFIX_HEADER = YES;
				GCC_PREFIX_HEADER = "Hello Daddy/Prefix.pch";
				"GCC_THUMB_SUPPORT[arch=armv6]" = "";
				INFOPLIST_FILE = "Hello Daddy/Resources/Info.plist";
				OTHER_LDFLAGS = "-lz";
				PRODUCT_NAME = "$(TARGET_NAME)";
				VALIDATE_PRODUCT = YES;
				WRAPPER_EXTENSION = app;
			};
			name = Release;
		};
/* End XCBuildConfiguration section */

/* Begin XCConfigurationList section */
		044E6AB315EE096E005D3FDC /* Build configuration list for PBXProject "Hello Daddy" */ = {
			isa = XCConfigurationList;
			buildConfigurations = (
				044E6C2C15EE0970005D3FDC /* Debug */,
				044E6C2D15EE0970005D3FDC /* Release */,
			);
			defaultConfigurationIsVisible = 0;
			defaultConfigurationName = Release;
		};
		044E6C2E15EE0970005D3FDC /* Build configuration list for PBXNativeTarget "Hello Daddy" */ = {
			isa = XCConfigurationList;
			buildConfigurations = (
				044E6C2F15EE0970005D3FDC /* Debug */,
				044E6C3015EE0970005D3FDC /* Release */,
			);
			defaultConfigurationIsVisible = 0;
		};
/* End XCConfigurationList section */
	};
	rootObject = 044E6AB015EE096E005D3FDC /* Project object */;
}
